Microsoft Visual Studio Solution File, Format Version 12.00
# Visual Studio 14
Project("{8BC9CEB8-8B4A-11D0-8D11-00A0C91BC942}") = "TKCDF", "TKCDF.vcxproj", "{2449E136-1849-0053-0840-5D579C22DF29}"
EndProject
Project("{8BC9CEB8-8B4A-11D0-8D11-00A0C91BC942}") = "TKLCAF", "TKLCAF.vcxproj", "{69265C95-02D2-09C8-07D8-013B29D330F6}"
	ProjectSection(ProjectDependencies) = postProject
		{2449E136-1849-0053-0840-5D579C22DF29} = {2449E136-1849-0053-0840-5D579C22DF29}
	EndProjectSection
EndProject
Project("{8BC9CEB8-8B4A-11D0-8D11-00A0C91BC942}") = "TKCAF", "TKCAF.vcxproj", "{337856A2-0202-1597-1695-13CC52CB2CF8}"
	ProjectSection(ProjectDependencies) = postProject
		{2449E136-1849-0053-0840-5D579C22DF29} = {2449E136-1849-0053-0840-5D579C22DF29}
		{69265C95-02D2-09C8-07D8-013B29D330F6} = {69265C95-02D2-09C8-07D8-013B29D330F6}
	EndProjectSection
EndProject
Project("{8BC9CEB8-8B4A-11D0-8D11-00A0C91BC942}") = "TKBinL", "TKBinL.vcxproj", "{F56F8706-0B06-188B-1580-3E49914FE2B7}"
	ProjectSection(ProjectDependencies) = postProject
		{2449E136-1849-0053-0840-5D579C22DF29} = {2449E136-1849-0053-0840-5D579C22DF29}
		{69265C95-02D2-09C8-07D8-013B29D330F6} = {69265C95-02D2-09C8-07D8-013B29D330F6}
	EndProjectSection
EndProject
Project("{8BC9CEB8-8B4A-11D0-8D11-00A0C91BC942}") = "TKXmlL", "TKXmlL.vcxproj", "{AD92E848-04BF-1679-07A5-0A2005BC28CB}"
	ProjectSection(ProjectDependencies) = postProject
		{2449E136-1849-0053-0840-5D579C22DF29} = {2449E136-1849-0053-0840-5D579C22DF29}
		{69265C95-02D2-09C8-07D8-013B29D330F6} = {69265C95-02D2-09C8-07D8-013B29D330F6}
	EndProjectSection
EndProject
Project("{8BC9CEB8-8B4A-11D0-8D11-00A0C91BC942}") = "TKStdL", "TKStdL.vcxproj", "{1A481DB7-0471-0DD3-0D51-734F46599BAB}"
	ProjectSection(ProjectDependencies) = postProject
		{2449E136-1849-0053-0840-5D579C22DF29} = {2449E136-1849-0053-0840-5D579C22DF29}
		{69265C95-02D2-09C8-07D8-013B29D330F6} = {69265C95-02D2-09C8-07D8-013B29D330F6}
	EndProjectSection
EndProject
Project("{8BC9CEB8-8B4A-11D0-8D11-00A0C91BC942}") = "TKTObj", "TKTObj.vcxproj", "{FB136D6B-15BE-1525-0BF7-79BEBED9C1BB}"
	ProjectSection(ProjectDependencies) = postProject
		{2449E136-1849-0053-0840-5D579C22DF29} = {2449E136-1849-0053-0840-5D579C22DF29}
		{69265C95-02D2-09C8-07D8-013B29D330F6} = {69265C95-02D2-09C8-07D8-013B29D330F6}
	EndProjectSection
EndProject
Project("{8BC9CEB8-8B4A-11D0-8D11-00A0C91BC942}") = "TKVCAF", "TKVCAF.vcxproj", "{3DEBCFD4-12B1-045F-078D-3BE1694BBBCB}"
	ProjectSection(ProjectDependencies) = postProject
		{2449E136-1849-0053-0840-5D579C22DF29} = {2449E136-1849-0053-0840-5D579C22DF29}
		{69265C95-02D2-09C8-07D8-013B29D330F6} = {69265C95-02D2-09C8-07D8-013B29D330F6}
		{337856A2-0202-1597-1695-13CC52CB2CF8} = {337856A2-0202-1597-1695-13CC52CB2CF8}
	EndProjectSection
EndProject
Project("{8BC9CEB8-8B4A-11D0-8D11-00A0C91BC942}") = "TKBin", "TKBin.vcxproj", "{164CB0E0-0401-05AB-07EA-46DB62ED0ADE}"
	ProjectSection(ProjectDependencies) = postProject
		{337856A2-0202-1597-1695-13CC52CB2CF8} = {337856A2-0202-1597-1695-13CC52CB2CF8}
		{2449E136-1849-0053-0840-5D579C22DF29} = {2449E136-1849-0053-0840-5D579C22DF29}
		{69265C95-02D2-09C8-07D8-013B29D330F6} = {69265C95-02D2-09C8-07D8-013B29D330F6}
		{F56F8706-0B06-188B-1580-3E49914FE2B7} = {F56F8706-0B06-188B-1580-3E49914FE2B7}
	EndProjectSection
EndProject
Project("{8BC9CEB8-8B4A-11D0-8D11-00A0C91BC942}") = "TKXml", "TKXml.vcxproj", "{648BDCF1-164D-18A5-0E85-7BCBB77B5F37}"
	ProjectSection(ProjectDependencies) = postProject
		{2449E136-1849-0053-0840-5D579C22DF29} = {2449E136-1849-0053-0840-5D579C22DF29}
		{69265C95-02D2-09C8-07D8-013B29D330F6} = {69265C95-02D2-09C8-07D8-013B29D330F6}
		{337856A2-0202-1597-1695-13CC52CB2CF8} = {337856A2-0202-1597-1695-13CC52CB2CF8}
		{AD92E848-04BF-1679-07A5-0A2005BC28CB} = {AD92E848-04BF-1679-07A5-0A2005BC28CB}
	EndProjectSection
EndProject
Project("{8BC9CEB8-8B4A-11D0-8D11-00A0C91BC942}") = "TKStd", "TKStd.vcxproj", "{A83D28A4-1152-0CDB-0309-608524C51F81}"
	ProjectSection(ProjectDependencies) = postProject
		{2449E136-1849-0053-0840-5D579C22DF29} = {2449E136-1849-0053-0840-5D579C22DF29}
		{337856A2-0202-1597-1695-13CC52CB2CF8} = {337856A2-0202-1597-1695-13CC52CB2CF8}
		{69265C95-02D2-09C8-07D8-013B29D330F6} = {69265C95-02D2-09C8-07D8-013B29D330F6}
		{1A481DB7-0471-0DD3-0D51-734F46599BAB} = {1A481DB7-0471-0DD3-0D51-734F46599BAB}
	EndProjectSection
EndProject
Project("{8BC9CEB8-8B4A-11D0-8D11-00A0C91BC942}") = "TKBinTObj", "TKBinTObj.vcxproj", "{974E8C1A-016D-09A2-1279-05A03A5A68E1}"
	ProjectSection(ProjectDependencies) = postProject
		{2449E136-1849-0053-0840-5D579C22DF29} = {2449E136-1849-0053-0840-5D579C22DF29}
		{FB136D6B-15BE-1525-0BF7-79BEBED9C1BB} = {FB136D6B-15BE-1525-0BF7-79BEBED9C1BB}
		{69265C95-02D2-09C8-07D8-013B29D330F6} = {69265C95-02D2-09C8-07D8-013B29D330F6}
		{F56F8706-0B06-188B-1580-3E49914FE2B7} = {F56F8706-0B06-188B-1580-3E49914FE2B7}
	EndProjectSection
EndProject
Project("{8BC9CEB8-8B4A-11D0-8D11-00A0C91BC942}") = "TKXmlTObj", "TKXmlTObj.vcxproj", "{9B9CE265-03AA-0347-125B-8519F86BFB83}"
	ProjectSection(ProjectDependencies) = postProject
		{2449E136-1849-0053-0840-5D579C22DF29} = {2449E136-1849-0053-0840-5D579C22DF29}
		{FB136D6B-15BE-1525-0BF7-79BEBED9C1BB} = {FB136D6B-15BE-1525-0BF7-79BEBED9C1BB}
		{69265C95-02D2-09C8-07D8-013B29D330F6} = {69265C95-02D2-09C8-07D8-013B29D330F6}
		{AD92E848-04BF-1679-07A5-0A2005BC28CB} = {AD92E848-04BF-1679-07A5-0A2005BC28CB}
	EndProjectSection
EndProject
Global
	GlobalSection(SolutionConfigurationPlatforms) = preSolution
		Debug|Win32 = Debug|Win32
		Release|Win32 = Release|Win32
		Debug|x64 = Debug|x64
		Release|x64 = Release|x64
	EndGlobalSection
	GlobalSection(ProjectConfigurationPlatforms) = postSolution
		{2449E136-1849-0053-0840-5D579C22DF29}.Debug|Win32.ActiveCfg = Debug|Win32
		{2449E136-1849-0053-0840-5D579C22DF29}.Debug|Win32.Build.0 = Debug|Win32
		{2449E136-1849-0053-0840-5D579C22DF29}.Release|Win32.ActiveCfg = Release|Win32
		{2449E136-1849-0053-0840-5D579C22DF29}.Release|Win32.Build.0 = Release|Win32
		{2449E136-1849-0053-0840-5D579C22DF29}.Debug|x64.ActiveCfg = Debug|x64
		{2449E136-1849-0053-0840-5D579C22DF29}.Debug|x64.Build.0 = Debug|x64
		{2449E136-1849-0053-0840-5D579C22DF29}.Release|x64.ActiveCfg = Release|x64
		{2449E136-1849-0053-0840-5D579C22DF29}.Release|x64.Build.0 = Release|x64
		{69265C95-02D2-09C8-07D8-013B29D330F6}.Debug|Win32.ActiveCfg = Debug|Win32
		{69265C95-02D2-09C8-07D8-013B29D330F6}.Debug|Win32.Build.0 = Debug|Win32
		{69265C95-02D2-09C8-07D8-013B29D330F6}.Release|Win32.ActiveCfg = Release|Win32
		{69265C95-02D2-09C8-07D8-013B29D330F6}.Release|Win32.Build.0 = Release|Win32
		{69265C95-02D2-09C8-07D8-013B29D330F6}.Debug|x64.ActiveCfg = Debug|x64
		{69265C95-02D2-09C8-07D8-013B29D330F6}.Debug|x64.Build.0 = Debug|x64
		{69265C95-02D2-09C8-07D8-013B29D330F6}.Release|x64.ActiveCfg = Release|x64
		{69265C95-02D2-09C8-07D8-013B29D330F6}.Release|x64.Build.0 = Release|x64
		{337856A2-0202-1597-1695-13CC52CB2CF8}.Debug|Win32.ActiveCfg = Debug|Win32
		{337856A2-0202-1597-1695-13CC52CB2CF8}.Debug|Win32.Build.0 = Debug|Win32
		{337856A2-0202-1597-1695-13CC52CB2CF8}.Release|Win32.ActiveCfg = Release|Win32
		{337856A2-0202-1597-1695-13CC52CB2CF8}.Release|Win32.Build.0 = Release|Win32
		{337856A2-0202-1597-1695-13CC52CB2CF8}.Debug|x64.ActiveCfg = Debug|x64
		{337856A2-0202-1597-1695-13CC52CB2CF8}.Debug|x64.Build.0 = Debug|x64
		{337856A2-0202-1597-1695-13CC52CB2CF8}.Release|x64.ActiveCfg = Release|x64
		{337856A2-0202-1597-1695-13CC52CB2CF8}.Release|x64.Build.0 = Release|x64
		{F56F8706-0B06-188B-1580-3E49914FE2B7}.Debug|Win32.ActiveCfg = Debug|Win32
		{F56F8706-0B06-188B-1580-3E49914FE2B7}.Debug|Win32.Build.0 = Debug|Win32
		{F56F8706-0B06-188B-1580-3E49914FE2B7}.Release|Win32.ActiveCfg = Release|Win32
		{F56F8706-0B06-188B-1580-3E49914FE2B7}.Release|Win32.Build.0 = Release|Win32
		{F56F8706-0B06-188B-1580-3E49914FE2B7}.Debug|x64.ActiveCfg = Debug|x64
		{F56F8706-0B06-188B-1580-3E49914FE2B7}.Debug|x64.Build.0 = Debug|x64
		{F56F8706-0B06-188B-1580-3E49914FE2B7}.Release|x64.ActiveCfg = Release|x64
		{F56F8706-0B06-188B-1580-3E49914FE2B7}.Release|x64.Build.0 = Release|x64
		{AD92E848-04BF-1679-07A5-0A2005BC28CB}.Debug|Win32.ActiveCfg = Debug|Win32
		{AD92E848-04BF-1679-07A5-0A2005BC28CB}.Debug|Win32.Build.0 = Debug|Win32
		{AD92E848-04BF-1679-07A5-0A2005BC28CB}.Release|Win32.ActiveCfg = Release|Win32
		{AD92E848-04BF-1679-07A5-0A2005BC28CB}.Release|Win32.Build.0 = Release|Win32
		{AD92E848-04BF-1679-07A5-0A2005BC28CB}.Debug|x64.ActiveCfg = Debug|x64
		{AD92E848-04BF-1679-07A5-0A2005BC28CB}.Debug|x64.Build.0 = Debug|x64
		{AD92E848-04BF-1679-07A5-0A2005BC28CB}.Release|x64.ActiveCfg = Release|x64
		{AD92E848-04BF-1679-07A5-0A2005BC28CB}.Release|x64.Build.0 = Release|x64
		{1A481DB7-0471-0DD3-0D51-734F46599BAB}.Debug|Win32.ActiveCfg = Debug|Win32
		{1A481DB7-0471-0DD3-0D51-734F46599BAB}.Debug|Win32.Build.0 = Debug|Win32
		{1A481DB7-0471-0DD3-0D51-734F46599BAB}.Release|Win32.ActiveCfg = Release|Win32
		{1A481DB7-0471-0DD3-0D51-734F46599BAB}.Release|Win32.Build.0 = Release|Win32
		{1A481DB7-0471-0DD3-0D51-734F46599BAB}.Debug|x64.ActiveCfg = Debug|x64
		{1A481DB7-0471-0DD3-0D51-734F46599BAB}.Debug|x64.Build.0 = Debug|x64
		{1A481DB7-0471-0DD3-0D51-734F46599BAB}.Release|x64.ActiveCfg = Release|x64
		{1A481DB7-0471-0DD3-0D51-734F46599BAB}.Release|x64.Build.0 = Release|x64
		{FB136D6B-15BE-1525-0BF7-79BEBED9C1BB}.Debug|Win32.ActiveCfg = Debug|Win32
		{FB136D6B-15BE-1525-0BF7-79BEBED9C1BB}.Debug|Win32.Build.0 = Debug|Win32
		{FB136D6B-15BE-1525-0BF7-79BEBED9C1BB}.Release|Win32.ActiveCfg = Release|Win32
		{FB136D6B-15BE-1525-0BF7-79BEBED9C1BB}.Release|Win32.Build.0 = Release|Win32
		{FB136D6B-15BE-1525-0BF7-79BEBED9C1BB}.Debug|x64.ActiveCfg = Debug|x64
		{FB136D6B-15BE-1525-0BF7-79BEBED9C1BB}.Debug|x64.Build.0 = Debug|x64
		{FB136D6B-15BE-1525-0BF7-79BEBED9C1BB}.Release|x64.ActiveCfg = Release|x64
		{FB136D6B-15BE-1525-0BF7-79BEBED9C1BB}.Release|x64.Build.0 = Release|x64
		{3DEBCFD4-12B1-045F-078D-3BE1694BBBCB}.Debug|Win32.ActiveCfg = Debug|Win32
		{3DEBCFD4-12B1-045F-078D-3BE1694BBBCB}.Debug|Win32.Build.0 = Debug|Win32
		{3DEBCFD4-12B1-045F-078D-3BE1694BBBCB}.Release|Win32.ActiveCfg = Release|Win32
		{3DEBCFD4-12B1-045F-078D-3BE1694BBBCB}.Release|Win32.Build.0 = Release|Win32
		{3DEBCFD4-12B1-045F-078D-3BE1694BBBCB}.Debug|x64.ActiveCfg = Debug|x64
		{3DEBCFD4-12B1-045F-078D-3BE1694BBBCB}.Debug|x64.Build.0 = Debug|x64
		{3DEBCFD4-12B1-045F-078D-3BE1694BBBCB}.Release|x64.ActiveCfg = Release|x64
		{3DEBCFD4-12B1-045F-078D-3BE1694BBBCB}.Release|x64.Build.0 = Release|x64
		{164CB0E0-0401-05AB-07EA-46DB62ED0ADE}.Debug|Win32.ActiveCfg = Debug|Win32
		{164CB0E0-0401-05AB-07EA-46DB62ED0ADE}.Debug|Win32.Build.0 = Debug|Win32
		{164CB0E0-0401-05AB-07EA-46DB62ED0ADE}.Release|Win32.ActiveCfg = Release|Win32
		{164CB0E0-0401-05AB-07EA-46DB62ED0ADE}.Release|Win32.Build.0 = Release|Win32
		{164CB0E0-0401-05AB-07EA-46DB62ED0ADE}.Debug|x64.ActiveCfg = Debug|x64
		{164CB0E0-0401-05AB-07EA-46DB62ED0ADE}.Debug|x64.Build.0 = Debug|x64
		{164CB0E0-0401-05AB-07EA-46DB62ED0ADE}.Release|x64.ActiveCfg = Release|x64
		{164CB0E0-0401-05AB-07EA-46DB62ED0ADE}.Release|x64.Build.0 = Release|x64
		{648BDCF1-164D-18A5-0E85-7BCBB77B5F37}.Debug|Win32.ActiveCfg = Debug|Win32
		{648BDCF1-164D-18A5-0E85-7BCBB77B5F37}.Debug|Win32.Build.0 = Debug|Win32
		{648BDCF1-164D-18A5-0E85-7BCBB77B5F37}.Release|Win32.ActiveCfg = Release|Win32
		{648BDCF1-164D-18A5-0E85-7BCBB77B5F37}.Release|Win32.Build.0 = Release|Win32
		{648BDCF1-164D-18A5-0E85-7BCBB77B5F37}.Debug|x64.ActiveCfg = Debug|x64
		{648BDCF1-164D-18A5-0E85-7BCBB77B5F37}.Debug|x64.Build.0 = Debug|x64
		{648BDCF1-164D-18A5-0E85-7BCBB77B5F37}.Release|x64.ActiveCfg = Release|x64
		{648BDCF1-164D-18A5-0E85-7BCBB77B5F37}.Release|x64.Build.0 = Release|x64
		{A83D28A4-1152-0CDB-0309-608524C51F81}.Debug|Win32.ActiveCfg = Debug|Win32
		{A83D28A4-1152-0CDB-0309-608524C51F81}.Debug|Win32.Build.0 = Debug|Win32
		{A83D28A4-1152-0CDB-0309-608524C51F81}.Release|Win32.ActiveCfg = Release|Win32
		{A83D28A4-1152-0CDB-0309-608524C51F81}.Release|Win32.Build.0 = Release|Win32
		{A83D28A4-1152-0CDB-0309-608524C51F81}.Debug|x64.ActiveCfg = Debug|x64
		{A83D28A4-1152-0CDB-0309-608524C51F81}.Debug|x64.Build.0 = Debug|x64
		{A83D28A4-1152-0CDB-0309-608524C51F81}.Release|x64.ActiveCfg = Release|x64
		{A83D28A4-1152-0CDB-0309-608524C51F81}.Release|x64.Build.0 = Release|x64
		{974E8C1A-016D-09A2-1279-05A03A5A68E1}.Debug|Win32.ActiveCfg = Debug|Win32
		{974E8C1A-016D-09A2-1279-05A03A5A68E1}.Debug|Win32.Build.0 = Debug|Win32
		{974E8C1A-016D-09A2-1279-05A03A5A68E1}.Release|Win32.ActiveCfg = Release|Win32
		{974E8C1A-016D-09A2-1279-05A03A5A68E1}.Release|Win32.Build.0 = Release|Win32
		{974E8C1A-016D-09A2-1279-05A03A5A68E1}.Debug|x64.ActiveCfg = Debug|x64
		{974E8C1A-016D-09A2-1279-05A03A5A68E1}.Debug|x64.Build.0 = Debug|x64
		{974E8C1A-016D-09A2-1279-05A03A5A68E1}.Release|x64.ActiveCfg = Release|x64
		{974E8C1A-016D-09A2-1279-05A03A5A68E1}.Release|x64.Build.0 = Release|x64
		{9B9CE265-03AA-0347-125B-8519F86BFB83}.Debug|Win32.ActiveCfg = Debug|Win32
		{9B9CE265-03AA-0347-125B-8519F86BFB83}.Debug|Win32.Build.0 = Debug|Win32
		{9B9CE265-03AA-0347-125B-8519F86BFB83}.Release|Win32.ActiveCfg = Release|Win32
		{9B9CE265-03AA-0347-125B-8519F86BFB83}.Release|Win32.Build.0 = Release|Win32
		{9B9CE265-03AA-0347-125B-8519F86BFB83}.Debug|x64.ActiveCfg = Debug|x64
		{9B9CE265-03AA-0347-125B-8519F86BFB83}.Debug|x64.Build.0 = Debug|x64
		{9B9CE265-03AA-0347-125B-8519F86BFB83}.Release|x64.ActiveCfg = Release|x64
		{9B9CE265-03AA-0347-125B-8519F86BFB83}.Release|x64.Build.0 = Release|x64
	EndGlobalSection
	GlobalSection(SolutionProperties) = preSolution
		HideSolutionNode = FALSE
	EndGlobalSection
EndGlobal
