<?xml version="1.0" encoding="utf-8"?>
<Project ToolsVersion="4.0" xmlns="http://schemas.microsoft.com/developer/msbuild/2003">
  <ItemGroup>
    <Filter Include="Source files">
      <UniqueIdentifier>{9D4EB8B9-141F-1936-0F99-2EA8D24D80EF}</UniqueIdentifier>
    </Filter>
    <Filter Include="Source files\StdDrivers">
      <UniqueIdentifier>{4BD552DA-0D13-0150-023B-644B4288DF62}</UniqueIdentifier>
    </Filter>
    <Filter Include="Source files\StdObject">
      <UniqueIdentifier>{01BB0119-0A87-16E8-06BB-2542BA3FF84A}</UniqueIdentifier>
    </Filter>
    <Filter Include="Source files\StdPersistent">
      <UniqueIdentifier>{C5F11385-16BF-07CD-1330-1FDF176F8068}</UniqueIdentifier>
    </Filter>
    <Filter Include="Source files\StdStorage">
      <UniqueIdentifier>{5735CFF8-14DE-1357-112F-264FC94019D0}</UniqueIdentifier>
    </Filter>
    <Filter Include="Source files\ShapePersistent">
      <UniqueIdentifier>{5EC0761A-088E-155A-0EFF-F0010AD4574A}</UniqueIdentifier>
    </Filter>
  </ItemGroup>
  <ItemGroup>
    <ClCompile Include="..\..\..\src\StdDrivers\StdDrivers.cxx">
      <Filter>Source files\StdDrivers</Filter>
    </ClCompile>
    <ClCompile Include="..\..\..\src\StdDrivers\StdDrivers_DocumentRetrievalDriver.cxx">
      <Filter>Source files\StdDrivers</Filter>
    </ClCompile>
    <ClCompile Include="..\..\..\src\StdObject\StdObject_Location.cxx">
      <Filter>Source files\StdObject</Filter>
    </ClCompile>
    <ClCompile Include="..\..\..\src\StdObject\StdObject_Shape.cxx">
      <Filter>Source files\StdObject</Filter>
    </ClCompile>
    <ClCompile Include="..\..\..\src\StdPersistent\StdPersistent.cxx">
      <Filter>Source files\StdPersistent</Filter>
    </ClCompile>
    <ClCompile Include="..\..\..\src\StdPersistent\StdPersistent_DataXtd.cxx">
      <Filter>Source files\StdPersistent</Filter>
    </ClCompile>
    <ClCompile Include="..\..\..\src\StdPersistent\StdPersistent_DataXtd_Constraint.cxx">
      <Filter>Source files\StdPersistent</Filter>
    </ClCompile>
    <ClCompile Include="..\..\..\src\StdPersistent\StdPersistent_DataXtd_PatternStd.cxx">
      <Filter>Source files\StdPersistent</Filter>
    </ClCompile>
    <ClCompile Include="..\..\..\src\StdPersistent\StdPersistent_Naming.cxx">
      <Filter>Source files\StdPersistent</Filter>
    </ClCompile>
    <ClCompile Include="..\..\..\src\StdPersistent\StdPersistent_PPrsStd.cxx">
      <Filter>Source files\StdPersistent</Filter>
    </ClCompile>
    <ClCompile Include="..\..\..\src\StdPersistent\StdPersistent_TopLoc.cxx">
      <Filter>Source files\StdPersistent</Filter>
    </ClCompile>
    <ClCompile Include="..\..\..\src\StdStorage\StdStorage.cxx">
      <Filter>Source files\StdStorage</Filter>
    </ClCompile>
    <ClCompile Include="..\..\..\src\StdStorage\StdStorage_BacketOfPersistent.cxx">
      <Filter>Source files\StdStorage</Filter>
    </ClCompile>
    <ClCompile Include="..\..\..\src\StdStorage\StdStorage_Data.cxx">
      <Filter>Source files\StdStorage</Filter>
    </ClCompile>
    <ClCompile Include="..\..\..\src\StdStorage\StdStorage_HeaderData.cxx">
      <Filter>Source files\StdStorage</Filter>
    </ClCompile>
    <ClCompile Include="..\..\..\src\StdStorage\StdStorage_Root.cxx">
      <Filter>Source files\StdStorage</Filter>
    </ClCompile>
    <ClCompile Include="..\..\..\src\StdStorage\StdStorage_RootData.cxx">
      <Filter>Source files\StdStorage</Filter>
    </ClCompile>
    <ClCompile Include="..\..\..\src\StdStorage\StdStorage_TypeData.cxx">
      <Filter>Source files\StdStorage</Filter>
    </ClCompile>
    <ClCompile Include="..\..\..\src\ShapePersistent\ShapePersistent.cxx">
      <Filter>Source files\ShapePersistent</Filter>
    </ClCompile>
    <ClCompile Include="..\..\..\src\ShapePersistent\ShapePersistent_BRep.cxx">
      <Filter>Source files\ShapePersistent</Filter>
    </ClCompile>
    <ClCompile Include="..\..\..\src\ShapePersistent\ShapePersistent_Geom.cxx">
      <Filter>Source files\ShapePersistent</Filter>
    </ClCompile>
    <ClCompile Include="..\..\..\src\ShapePersistent\ShapePersistent_Geom2d.cxx">
      <Filter>Source files\ShapePersistent</Filter>
    </ClCompile>
    <ClCompile Include="..\..\..\src\ShapePersistent\ShapePersistent_Geom2d_Curve.cxx">
      <Filter>Source files\ShapePersistent</Filter>
    </ClCompile>
    <ClCompile Include="..\..\..\src\ShapePersistent\ShapePersistent_Geom_Curve.cxx">
      <Filter>Source files\ShapePersistent</Filter>
    </ClCompile>
    <ClCompile Include="..\..\..\src\ShapePersistent\ShapePersistent_Geom_Surface.cxx">
      <Filter>Source files\ShapePersistent</Filter>
    </ClCompile>
    <ClCompile Include="..\..\..\src\ShapePersistent\ShapePersistent_HSequence.cxx">
      <Filter>Source files\ShapePersistent</Filter>
    </ClCompile>
    <ClCompile Include="..\..\..\src\ShapePersistent\ShapePersistent_Poly.cxx">
      <Filter>Source files\ShapePersistent</Filter>
    </ClCompile>
    <ClCompile Include="..\..\..\src\ShapePersistent\ShapePersistent_TopoDS.cxx">
      <Filter>Source files\ShapePersistent</Filter>
    </ClCompile>
  </ItemGroup>
  <ItemGroup>
    <ResourceCompile Include="TKStd.rc" />  </ItemGroup>
</Project>
