<?xml version="1.0" encoding="utf-8"?>
<Project ToolsVersion="4.0" xmlns="http://schemas.microsoft.com/developer/msbuild/2003">
  <ItemGroup>
    <Filter Include="Source files">
      <UniqueIdentifier>{A2F4E3D7-113C-0CFF-0FCE-119DA283FAD1}</UniqueIdentifier>
    </Filter>
    <Filter Include="Source files\BRepPrim">
      <UniqueIdentifier>{C7CE60FB-0D3F-17DE-0E4C-D809C4695ECA}</UniqueIdentifier>
    </Filter>
    <Filter Include="Source files\BRepSweep">
      <UniqueIdentifier>{CE29BAD1-01CA-0B97-06FC-0628AA57CEA8}</UniqueIdentifier>
    </Filter>
    <Filter Include="Source files\Sweep">
      <UniqueIdentifier>{C0AE235E-1280-108D-034A-CD6A5600498A}</UniqueIdentifier>
    </Filter>
    <Filter Include="Source files\BRepPrimAPI">
      <UniqueIdentifier>{DC3AEE5A-10EC-017A-0522-F2DE38DB5789}</UniqueIdentifier>
    </Filter>
  </ItemGroup>
  <ItemGroup>
    <ClCompile Include="..\..\..\src\BRepPrim\BRepPrim_Builder.cxx">
      <Filter>Source files\BRepPrim</Filter>
    </ClCompile>
    <ClCompile Include="..\..\..\src\BRepPrim\BRepPrim_Cone.cxx">
      <Filter>Source files\BRepPrim</Filter>
    </ClCompile>
    <ClCompile Include="..\..\..\src\BRepPrim\BRepPrim_Cylinder.cxx">
      <Filter>Source files\BRepPrim</Filter>
    </ClCompile>
    <ClCompile Include="..\..\..\src\BRepPrim\BRepPrim_FaceBuilder.cxx">
      <Filter>Source files\BRepPrim</Filter>
    </ClCompile>
    <ClCompile Include="..\..\..\src\BRepPrim\BRepPrim_GWedge.cxx">
      <Filter>Source files\BRepPrim</Filter>
    </ClCompile>
    <ClCompile Include="..\..\..\src\BRepPrim\BRepPrim_OneAxis.cxx">
      <Filter>Source files\BRepPrim</Filter>
    </ClCompile>
    <ClCompile Include="..\..\..\src\BRepPrim\BRepPrim_Revolution.cxx">
      <Filter>Source files\BRepPrim</Filter>
    </ClCompile>
    <ClCompile Include="..\..\..\src\BRepPrim\BRepPrim_Sphere.cxx">
      <Filter>Source files\BRepPrim</Filter>
    </ClCompile>
    <ClCompile Include="..\..\..\src\BRepPrim\BRepPrim_Torus.cxx">
      <Filter>Source files\BRepPrim</Filter>
    </ClCompile>
    <ClCompile Include="..\..\..\src\BRepPrim\BRepPrim_Wedge.cxx">
      <Filter>Source files\BRepPrim</Filter>
    </ClCompile>
    <ClCompile Include="..\..\..\src\BRepSweep\BRepSweep_Builder.cxx">
      <Filter>Source files\BRepSweep</Filter>
    </ClCompile>
    <ClCompile Include="..\..\..\src\BRepSweep\BRepSweep_Iterator.cxx">
      <Filter>Source files\BRepSweep</Filter>
    </ClCompile>
    <ClCompile Include="..\..\..\src\BRepSweep\BRepSweep_NumLinearRegularSweep.cxx">
      <Filter>Source files\BRepSweep</Filter>
    </ClCompile>
    <ClCompile Include="..\..\..\src\BRepSweep\BRepSweep_Prism.cxx">
      <Filter>Source files\BRepSweep</Filter>
    </ClCompile>
    <ClCompile Include="..\..\..\src\BRepSweep\BRepSweep_Revol.cxx">
      <Filter>Source files\BRepSweep</Filter>
    </ClCompile>
    <ClCompile Include="..\..\..\src\BRepSweep\BRepSweep_Rotation.cxx">
      <Filter>Source files\BRepSweep</Filter>
    </ClCompile>
    <ClCompile Include="..\..\..\src\BRepSweep\BRepSweep_Tool.cxx">
      <Filter>Source files\BRepSweep</Filter>
    </ClCompile>
    <ClCompile Include="..\..\..\src\BRepSweep\BRepSweep_Translation.cxx">
      <Filter>Source files\BRepSweep</Filter>
    </ClCompile>
    <ClCompile Include="..\..\..\src\BRepSweep\BRepSweep_Trsf.cxx">
      <Filter>Source files\BRepSweep</Filter>
    </ClCompile>
    <ClCompile Include="..\..\..\src\Sweep\Sweep_NumShape.cxx">
      <Filter>Source files\Sweep</Filter>
    </ClCompile>
    <ClCompile Include="..\..\..\src\Sweep\Sweep_NumShapeIterator.cxx">
      <Filter>Source files\Sweep</Filter>
    </ClCompile>
    <ClCompile Include="..\..\..\src\Sweep\Sweep_NumShapeTool.cxx">
      <Filter>Source files\Sweep</Filter>
    </ClCompile>
    <ClCompile Include="..\..\..\src\BRepPrimAPI\BRepPrimAPI_MakeBox.cxx">
      <Filter>Source files\BRepPrimAPI</Filter>
    </ClCompile>
    <ClCompile Include="..\..\..\src\BRepPrimAPI\BRepPrimAPI_MakeCone.cxx">
      <Filter>Source files\BRepPrimAPI</Filter>
    </ClCompile>
    <ClCompile Include="..\..\..\src\BRepPrimAPI\BRepPrimAPI_MakeCylinder.cxx">
      <Filter>Source files\BRepPrimAPI</Filter>
    </ClCompile>
    <ClCompile Include="..\..\..\src\BRepPrimAPI\BRepPrimAPI_MakeHalfSpace.cxx">
      <Filter>Source files\BRepPrimAPI</Filter>
    </ClCompile>
    <ClCompile Include="..\..\..\src\BRepPrimAPI\BRepPrimAPI_MakeOneAxis.cxx">
      <Filter>Source files\BRepPrimAPI</Filter>
    </ClCompile>
    <ClCompile Include="..\..\..\src\BRepPrimAPI\BRepPrimAPI_MakePrism.cxx">
      <Filter>Source files\BRepPrimAPI</Filter>
    </ClCompile>
    <ClCompile Include="..\..\..\src\BRepPrimAPI\BRepPrimAPI_MakeRevol.cxx">
      <Filter>Source files\BRepPrimAPI</Filter>
    </ClCompile>
    <ClCompile Include="..\..\..\src\BRepPrimAPI\BRepPrimAPI_MakeRevolution.cxx">
      <Filter>Source files\BRepPrimAPI</Filter>
    </ClCompile>
    <ClCompile Include="..\..\..\src\BRepPrimAPI\BRepPrimAPI_MakeSphere.cxx">
      <Filter>Source files\BRepPrimAPI</Filter>
    </ClCompile>
    <ClCompile Include="..\..\..\src\BRepPrimAPI\BRepPrimAPI_MakeTorus.cxx">
      <Filter>Source files\BRepPrimAPI</Filter>
    </ClCompile>
    <ClCompile Include="..\..\..\src\BRepPrimAPI\BRepPrimAPI_MakeWedge.cxx">
      <Filter>Source files\BRepPrimAPI</Filter>
    </ClCompile>
  </ItemGroup>
  <ItemGroup>
    <ResourceCompile Include="TKPrim.rc" />  </ItemGroup>
</Project>
