<?xml version="1.0" encoding="utf-8"?>
<Project ToolsVersion="4.0" xmlns="http://schemas.microsoft.com/developer/msbuild/2003">
  <ItemGroup>
    <Filter Include="Source files">
      <UniqueIdentifier>{0E6A7706-11ED-1685-0901-5D5D5299E1DD}</UniqueIdentifier>
    </Filter>
    <Filter Include="Source files\XmlDrivers">
      <UniqueIdentifier>{BBB07C93-00CE-00A5-0E2C-7C9C48F87A4E}</UniqueIdentifier>
    </Filter>
    <Filter Include="Source files\XmlMDataXtd">
      <UniqueIdentifier>{25B08366-07FE-0E75-041D-0B00C05E4704}</UniqueIdentifier>
    </Filter>
    <Filter Include="Source files\XmlMNaming">
      <UniqueIdentifier>{88740217-0848-007C-1716-5879B79EF62D}</UniqueIdentifier>
    </Filter>
  </ItemGroup>
  <ItemGroup>
    <ClCompile Include="..\..\..\src\XmlDrivers\XmlDrivers.cxx">
      <Filter>Source files\XmlDrivers</Filter>
    </ClCompile>
    <ClCompile Include="..\..\..\src\XmlDrivers\XmlDrivers_DocumentRetrievalDriver.cxx">
      <Filter>Source files\XmlDrivers</Filter>
    </ClCompile>
    <ClCompile Include="..\..\..\src\XmlDrivers\XmlDrivers_DocumentStorageDriver.cxx">
      <Filter>Source files\XmlDrivers</Filter>
    </ClCompile>
    <ClCompile Include="..\..\..\src\XmlMDataXtd\XmlMDataXtd.cxx">
      <Filter>Source files\XmlMDataXtd</Filter>
    </ClCompile>
    <ClCompile Include="..\..\..\src\XmlMDataXtd\XmlMDataXtd_AxisDriver.cxx">
      <Filter>Source files\XmlMDataXtd</Filter>
    </ClCompile>
    <ClCompile Include="..\..\..\src\XmlMDataXtd\XmlMDataXtd_ConstraintDriver.cxx">
      <Filter>Source files\XmlMDataXtd</Filter>
    </ClCompile>
    <ClCompile Include="..\..\..\src\XmlMDataXtd\XmlMDataXtd_GeometryDriver.cxx">
      <Filter>Source files\XmlMDataXtd</Filter>
    </ClCompile>
    <ClCompile Include="..\..\..\src\XmlMDataXtd\XmlMDataXtd_PatternStdDriver.cxx">
      <Filter>Source files\XmlMDataXtd</Filter>
    </ClCompile>
    <ClCompile Include="..\..\..\src\XmlMDataXtd\XmlMDataXtd_PlacementDriver.cxx">
      <Filter>Source files\XmlMDataXtd</Filter>
    </ClCompile>
    <ClCompile Include="..\..\..\src\XmlMDataXtd\XmlMDataXtd_PlaneDriver.cxx">
      <Filter>Source files\XmlMDataXtd</Filter>
    </ClCompile>
    <ClCompile Include="..\..\..\src\XmlMDataXtd\XmlMDataXtd_PointDriver.cxx">
      <Filter>Source files\XmlMDataXtd</Filter>
    </ClCompile>
    <ClCompile Include="..\..\..\src\XmlMDataXtd\XmlMDataXtd_PositionDriver.cxx">
      <Filter>Source files\XmlMDataXtd</Filter>
    </ClCompile>
    <ClCompile Include="..\..\..\src\XmlMDataXtd\XmlMDataXtd_PresentationDriver.cxx">
      <Filter>Source files\XmlMDataXtd</Filter>
    </ClCompile>
    <ClCompile Include="..\..\..\src\XmlMDataXtd\XmlMDataXtd_ShapeDriver.cxx">
      <Filter>Source files\XmlMDataXtd</Filter>
    </ClCompile>
    <ClCompile Include="..\..\..\src\XmlMDataXtd\XmlMDataXtd_TriangulationDriver.cxx">
      <Filter>Source files\XmlMDataXtd</Filter>
    </ClCompile>
    <ClCompile Include="..\..\..\src\XmlMNaming\XmlMNaming.cxx">
      <Filter>Source files\XmlMNaming</Filter>
    </ClCompile>
    <ClCompile Include="..\..\..\src\XmlMNaming\XmlMNaming_NamedShapeDriver.cxx">
      <Filter>Source files\XmlMNaming</Filter>
    </ClCompile>
    <ClCompile Include="..\..\..\src\XmlMNaming\XmlMNaming_NamingDriver.cxx">
      <Filter>Source files\XmlMNaming</Filter>
    </ClCompile>
    <ClCompile Include="..\..\..\src\XmlMNaming\XmlMNaming_Shape1.cxx">
      <Filter>Source files\XmlMNaming</Filter>
    </ClCompile>
  </ItemGroup>
  <ItemGroup>
    <ResourceCompile Include="TKXml.rc" />  </ItemGroup>
</Project>
