<?xml version="1.0" encoding="utf-8"?>
<Project ToolsVersion="4.0" xmlns="http://schemas.microsoft.com/developer/msbuild/2003">
  <ItemGroup>
    <Filter Include="Source files">
      <UniqueIdentifier>{158FE7B9-0D07-17EA-058E-B097539EF17A}</UniqueIdentifier>
    </Filter>
    <Filter Include="Source files\BinDrivers">
      <UniqueIdentifier>{FFB09ADA-178E-0F23-0E53-2A539BD6EEF1}</UniqueIdentifier>
    </Filter>
    <Filter Include="Source files\BinMDataXtd">
      <UniqueIdentifier>{E130F565-0635-0382-025A-0455BD99222E}</UniqueIdentifier>
    </Filter>
    <Filter Include="Source files\BinMNaming">
      <UniqueIdentifier>{93302B83-0B4B-1167-06A4-F10715081E3D}</UniqueIdentifier>
    </Filter>
  </ItemGroup>
  <ItemGroup>
    <ClCompile Include="..\..\..\src\BinDrivers\BinDrivers.cxx">
      <Filter>Source files\BinDrivers</Filter>
    </ClCompile>
    <ClCompile Include="..\..\..\src\BinDrivers\BinDrivers_DocumentRetrievalDriver.cxx">
      <Filter>Source files\BinDrivers</Filter>
    </ClCompile>
    <ClCompile Include="..\..\..\src\BinDrivers\BinDrivers_DocumentStorageDriver.cxx">
      <Filter>Source files\BinDrivers</Filter>
    </ClCompile>
    <ClCompile Include="..\..\..\src\BinMDataXtd\BinMDataXtd.cxx">
      <Filter>Source files\BinMDataXtd</Filter>
    </ClCompile>
    <ClCompile Include="..\..\..\src\BinMDataXtd\BinMDataXtd_AxisDriver.cxx">
      <Filter>Source files\BinMDataXtd</Filter>
    </ClCompile>
    <ClCompile Include="..\..\..\src\BinMDataXtd\BinMDataXtd_ConstraintDriver.cxx">
      <Filter>Source files\BinMDataXtd</Filter>
    </ClCompile>
    <ClCompile Include="..\..\..\src\BinMDataXtd\BinMDataXtd_GeometryDriver.cxx">
      <Filter>Source files\BinMDataXtd</Filter>
    </ClCompile>
    <ClCompile Include="..\..\..\src\BinMDataXtd\BinMDataXtd_PatternStdDriver.cxx">
      <Filter>Source files\BinMDataXtd</Filter>
    </ClCompile>
    <ClCompile Include="..\..\..\src\BinMDataXtd\BinMDataXtd_PlacementDriver.cxx">
      <Filter>Source files\BinMDataXtd</Filter>
    </ClCompile>
    <ClCompile Include="..\..\..\src\BinMDataXtd\BinMDataXtd_PlaneDriver.cxx">
      <Filter>Source files\BinMDataXtd</Filter>
    </ClCompile>
    <ClCompile Include="..\..\..\src\BinMDataXtd\BinMDataXtd_PointDriver.cxx">
      <Filter>Source files\BinMDataXtd</Filter>
    </ClCompile>
    <ClCompile Include="..\..\..\src\BinMDataXtd\BinMDataXtd_PositionDriver.cxx">
      <Filter>Source files\BinMDataXtd</Filter>
    </ClCompile>
    <ClCompile Include="..\..\..\src\BinMDataXtd\BinMDataXtd_PresentationDriver.cxx">
      <Filter>Source files\BinMDataXtd</Filter>
    </ClCompile>
    <ClCompile Include="..\..\..\src\BinMDataXtd\BinMDataXtd_ShapeDriver.cxx">
      <Filter>Source files\BinMDataXtd</Filter>
    </ClCompile>
    <ClCompile Include="..\..\..\src\BinMDataXtd\BinMDataXtd_TriangulationDriver.cxx">
      <Filter>Source files\BinMDataXtd</Filter>
    </ClCompile>
    <ClCompile Include="..\..\..\src\BinMNaming\BinMNaming.cxx">
      <Filter>Source files\BinMNaming</Filter>
    </ClCompile>
    <ClCompile Include="..\..\..\src\BinMNaming\BinMNaming_NamedShapeDriver.cxx">
      <Filter>Source files\BinMNaming</Filter>
    </ClCompile>
    <ClCompile Include="..\..\..\src\BinMNaming\BinMNaming_NamingDriver.cxx">
      <Filter>Source files\BinMNaming</Filter>
    </ClCompile>
  </ItemGroup>
  <ItemGroup>
    <ResourceCompile Include="TKBin.rc" />  </ItemGroup>
</Project>
