<?xml version="1.0" encoding="utf-8"?>
<Project ToolsVersion="4.0" xmlns="http://schemas.microsoft.com/developer/msbuild/2003">
  <ItemGroup>
    <Filter Include="Source files">
      <UniqueIdentifier>{1B36BC1A-00CF-16C6-0AC7-721F305D903C}</UniqueIdentifier>
    </Filter>
    <Filter Include="Source files\XBRepMesh">
      <UniqueIdentifier>{A859FEFA-0547-10EE-05B0-40F5A8BFF1F4}</UniqueIdentifier>
    </Filter>
  </ItemGroup>
  <ItemGroup>
    <ClCompile Include="..\..\..\src\XBRepMesh\XBRepMesh.cxx">
      <Filter>Source files\XBRepMesh</Filter>
    </ClCompile>
  </ItemGroup>
  <ItemGroup>
    <ResourceCompile Include="TKXMesh.rc" />  </ItemGroup>
</Project>
