<?xml version="1.0" encoding="utf-8"?>
<Project ToolsVersion="4.0" xmlns="http://schemas.microsoft.com/developer/msbuild/2003">
  <ItemGroup>
    <Filter Include="Source files">
      <UniqueIdentifier>{997BBF08-10F3-0CB7-113E-E04FA58D17A2}</UniqueIdentifier>
    </Filter>
    <Filter Include="Source files\Aspect">
      <UniqueIdentifier>{0AB4F82E-1032-14FE-0A33-597C9B03D2F7}</UniqueIdentifier>
    </Filter>
    <Filter Include="Source files\SelectBasics">
      <UniqueIdentifier>{0F7F2B56-003E-15C0-10BC-F2460FD5A9BD}</UniqueIdentifier>
    </Filter>
    <Filter Include="Source files\Image">
      <UniqueIdentifier>{7ABEE6D8-0C01-0B51-1764-251628D1B653}</UniqueIdentifier>
    </Filter>
    <Filter Include="Source files\WNT">
      <UniqueIdentifier>{1927FB38-1601-0EB3-18F4-C4D75013D2EA}</UniqueIdentifier>
    </Filter>
    <Filter Include="Source files\Font">
      <UniqueIdentifier>{7C3AA59E-05CC-0B6B-1639-566F279B984A}</UniqueIdentifier>
    </Filter>
  </ItemGroup>
  <ItemGroup>
    <ClCompile Include="..\..\..\src\Aspect\Aspect_Background.cxx">
      <Filter>Source files\Aspect</Filter>
    </ClCompile>
    <ClCompile Include="..\..\..\src\Aspect\Aspect_CircularGrid.cxx">
      <Filter>Source files\Aspect</Filter>
    </ClCompile>
    <ClCompile Include="..\..\..\src\Aspect\Aspect_DisplayConnection.cxx">
      <Filter>Source files\Aspect</Filter>
    </ClCompile>
    <ClCompile Include="..\..\..\src\Aspect\Aspect_GenId.cxx">
      <Filter>Source files\Aspect</Filter>
    </ClCompile>
    <ClCompile Include="..\..\..\src\Aspect\Aspect_GradientBackground.cxx">
      <Filter>Source files\Aspect</Filter>
    </ClCompile>
    <ClCompile Include="..\..\..\src\Aspect\Aspect_Grid.cxx">
      <Filter>Source files\Aspect</Filter>
    </ClCompile>
    <ClCompile Include="..\..\..\src\Aspect\Aspect_NeutralWindow.cxx">
      <Filter>Source files\Aspect</Filter>
    </ClCompile>
    <ClCompile Include="..\..\..\src\Aspect\Aspect_RectangularGrid.cxx">
      <Filter>Source files\Aspect</Filter>
    </ClCompile>
    <ClCompile Include="..\..\..\src\Aspect\Aspect_Window.cxx">
      <Filter>Source files\Aspect</Filter>
    </ClCompile>
    <ClCompile Include="..\..\..\src\SelectBasics\SelectBasics.cxx">
      <Filter>Source files\SelectBasics</Filter>
    </ClCompile>
    <ClCompile Include="..\..\..\src\SelectBasics\SelectBasics_EntityOwner.cxx">
      <Filter>Source files\SelectBasics</Filter>
    </ClCompile>
    <ClCompile Include="..\..\..\src\SelectBasics\SelectBasics_SensitiveEntity.cxx">
      <Filter>Source files\SelectBasics</Filter>
    </ClCompile>
    <ClCompile Include="..\..\..\src\Image\Image_AlienPixMap.cxx">
      <Filter>Source files\Image</Filter>
    </ClCompile>
    <ClCompile Include="..\..\..\src\Image\Image_Diff.cxx">
      <Filter>Source files\Image</Filter>
    </ClCompile>
    <ClCompile Include="..\..\..\src\Image\Image_PixMap.cxx">
      <Filter>Source files\Image</Filter>
    </ClCompile>
    <ClCompile Include="..\..\..\src\Image\Image_VideoRecorder.cxx">
      <Filter>Source files\Image</Filter>
    </ClCompile>
    <ClCompile Include="..\..\..\src\WNT\WNT_WClass.cxx">
      <Filter>Source files\WNT</Filter>
    </ClCompile>
    <ClCompile Include="..\..\..\src\WNT\WNT_Window.cxx">
      <Filter>Source files\WNT</Filter>
    </ClCompile>
    <ClCompile Include="..\..\..\src\Font\Font_BRepFont.cxx">
      <Filter>Source files\Font</Filter>
    </ClCompile>
    <ClCompile Include="..\..\..\src\Font\Font_BRepTextBuilder.cxx">
      <Filter>Source files\Font</Filter>
    </ClCompile>
    <ClCompile Include="..\..\..\src\Font\Font_FTFont.cxx">
      <Filter>Source files\Font</Filter>
    </ClCompile>
    <ClCompile Include="..\..\..\src\Font\Font_FTLibrary.cxx">
      <Filter>Source files\Font</Filter>
    </ClCompile>
    <ClCompile Include="..\..\..\src\Font\Font_FontMgr.cxx">
      <Filter>Source files\Font</Filter>
    </ClCompile>
    <ClCompile Include="..\..\..\src\Font\Font_SystemFont.cxx">
      <Filter>Source files\Font</Filter>
    </ClCompile>
    <ClCompile Include="..\..\..\src\Font\Font_TextFormatter.cxx">
      <Filter>Source files\Font</Filter>
    </ClCompile>
  </ItemGroup>
  <ItemGroup>
    <ResourceCompile Include="TKService.rc" />  </ItemGroup>
</Project>
