Microsoft Visual Studio Solution File, Format Version 12.00
# Visual Studio 2013
Project("{8BC9CEB8-8B4A-11D0-8D11-00A0C91BC942}") = "TKGeomAlgo", "TKGeomAlgo.vcxproj", "{F556EB41-0922-0DDA-148A-FCFBB7F1D467}"
EndProject
Project("{8BC9CEB8-8B4A-11D0-8D11-00A0C91BC942}") = "TKTopAlgo", "TKTopAlgo.vcxproj", "{AFEC880D-09A3-0135-145B-6A395ADB488A}"
	ProjectSection(ProjectDependencies) = postProject
		{F556EB41-0922-0DDA-148A-FCFBB7F1D467} = {F556EB41-0922-0DDA-148A-FCFBB7F1D467}
	EndProjectSection
EndProject
Project("{8BC9CEB8-8B4A-11D0-8D11-00A0C91BC942}") = "TKPrim", "TKPrim.vcxproj", "{776AD300-01B4-04A4-1973-A3B3484F489B}"
	ProjectSection(ProjectDependencies) = postProject
		{AFEC880D-09A3-0135-145B-6A395ADB488A} = {AFEC880D-09A3-0135-145B-6A395ADB488A}
	EndProjectSection
EndProject
Project("{8BC9CEB8-8B4A-11D0-8D11-00A0C91BC942}") = "TKHLR", "TKHLR.vcxproj", "{27CA3954-0BF3-04FD-1068-21F30BDB7CAF}"
	ProjectSection(ProjectDependencies) = postProject
		{F556EB41-0922-0DDA-148A-FCFBB7F1D467} = {F556EB41-0922-0DDA-148A-FCFBB7F1D467}
		{AFEC880D-09A3-0135-145B-6A395ADB488A} = {AFEC880D-09A3-0135-145B-6A395ADB488A}
	EndProjectSection
EndProject
Project("{8BC9CEB8-8B4A-11D0-8D11-00A0C91BC942}") = "TKMesh", "TKMesh.vcxproj", "{D6F02BD3-0733-012B-1368-1CEF9DB733A8}"
	ProjectSection(ProjectDependencies) = postProject
		{AFEC880D-09A3-0135-145B-6A395ADB488A} = {AFEC880D-09A3-0135-145B-6A395ADB488A}
		{F556EB41-0922-0DDA-148A-FCFBB7F1D467} = {F556EB41-0922-0DDA-148A-FCFBB7F1D467}
	EndProjectSection
EndProject
Project("{8BC9CEB8-8B4A-11D0-8D11-00A0C91BC942}") = "TKShHealing", "TKShHealing.vcxproj", "{A061A0E6-0BA4-0E09-0AC4-0E3A9427F4A2}"
	ProjectSection(ProjectDependencies) = postProject
		{AFEC880D-09A3-0135-145B-6A395ADB488A} = {AFEC880D-09A3-0135-145B-6A395ADB488A}
		{F556EB41-0922-0DDA-148A-FCFBB7F1D467} = {F556EB41-0922-0DDA-148A-FCFBB7F1D467}
	EndProjectSection
EndProject
Project("{8BC9CEB8-8B4A-11D0-8D11-00A0C91BC942}") = "TKXMesh", "TKXMesh.vcxproj", "{2DCA3973-0914-03AF-0B19-3FBFBF45B610}"
	ProjectSection(ProjectDependencies) = postProject
		{D6F02BD3-0733-012B-1368-1CEF9DB733A8} = {D6F02BD3-0733-012B-1368-1CEF9DB733A8}
	EndProjectSection
EndProject
Project("{8BC9CEB8-8B4A-11D0-8D11-00A0C91BC942}") = "TKBO", "TKBO.vcxproj", "{B3F5674B-0AA1-1375-15BA-F28D73248C7B}"
	ProjectSection(ProjectDependencies) = postProject
		{AFEC880D-09A3-0135-145B-6A395ADB488A} = {AFEC880D-09A3-0135-145B-6A395ADB488A}
		{F556EB41-0922-0DDA-148A-FCFBB7F1D467} = {F556EB41-0922-0DDA-148A-FCFBB7F1D467}
		{776AD300-01B4-04A4-1973-A3B3484F489B} = {776AD300-01B4-04A4-1973-A3B3484F489B}
		{A061A0E6-0BA4-0E09-0AC4-0E3A9427F4A2} = {A061A0E6-0BA4-0E09-0AC4-0E3A9427F4A2}
	EndProjectSection
EndProject
Project("{8BC9CEB8-8B4A-11D0-8D11-00A0C91BC942}") = "TKBool", "TKBool.vcxproj", "{830BEF48-0382-0D20-1849-25277C43410A}"
	ProjectSection(ProjectDependencies) = postProject
		{AFEC880D-09A3-0135-145B-6A395ADB488A} = {AFEC880D-09A3-0135-145B-6A395ADB488A}
		{776AD300-01B4-04A4-1973-A3B3484F489B} = {776AD300-01B4-04A4-1973-A3B3484F489B}
		{A061A0E6-0BA4-0E09-0AC4-0E3A9427F4A2} = {A061A0E6-0BA4-0E09-0AC4-0E3A9427F4A2}
		{F556EB41-0922-0DDA-148A-FCFBB7F1D467} = {F556EB41-0922-0DDA-148A-FCFBB7F1D467}
		{B3F5674B-0AA1-1375-15BA-F28D73248C7B} = {B3F5674B-0AA1-1375-15BA-F28D73248C7B}
	EndProjectSection
EndProject
Project("{8BC9CEB8-8B4A-11D0-8D11-00A0C91BC942}") = "TKFillet", "TKFillet.vcxproj", "{63319DE4-0B26-0293-1707-F61AC8587E82}"
	ProjectSection(ProjectDependencies) = postProject
		{F556EB41-0922-0DDA-148A-FCFBB7F1D467} = {F556EB41-0922-0DDA-148A-FCFBB7F1D467}
		{AFEC880D-09A3-0135-145B-6A395ADB488A} = {AFEC880D-09A3-0135-145B-6A395ADB488A}
		{830BEF48-0382-0D20-1849-25277C43410A} = {830BEF48-0382-0D20-1849-25277C43410A}
		{A061A0E6-0BA4-0E09-0AC4-0E3A9427F4A2} = {A061A0E6-0BA4-0E09-0AC4-0E3A9427F4A2}
	EndProjectSection
EndProject
Project("{8BC9CEB8-8B4A-11D0-8D11-00A0C91BC942}") = "TKFeat", "TKFeat.vcxproj", "{D9BCC92F-0D33-1592-0656-1A529B25662C}"
	ProjectSection(ProjectDependencies) = postProject
		{AFEC880D-09A3-0135-145B-6A395ADB488A} = {AFEC880D-09A3-0135-145B-6A395ADB488A}
		{F556EB41-0922-0DDA-148A-FCFBB7F1D467} = {F556EB41-0922-0DDA-148A-FCFBB7F1D467}
		{776AD300-01B4-04A4-1973-A3B3484F489B} = {776AD300-01B4-04A4-1973-A3B3484F489B}
		{B3F5674B-0AA1-1375-15BA-F28D73248C7B} = {B3F5674B-0AA1-1375-15BA-F28D73248C7B}
		{830BEF48-0382-0D20-1849-25277C43410A} = {830BEF48-0382-0D20-1849-25277C43410A}
		{A061A0E6-0BA4-0E09-0AC4-0E3A9427F4A2} = {A061A0E6-0BA4-0E09-0AC4-0E3A9427F4A2}
	EndProjectSection
EndProject
Project("{8BC9CEB8-8B4A-11D0-8D11-00A0C91BC942}") = "TKOffset", "TKOffset.vcxproj", "{56E4378A-0F61-11C2-1067-BB4CD7B1D97B}"
	ProjectSection(ProjectDependencies) = postProject
		{63319DE4-0B26-0293-1707-F61AC8587E82} = {63319DE4-0B26-0293-1707-F61AC8587E82}
		{AFEC880D-09A3-0135-145B-6A395ADB488A} = {AFEC880D-09A3-0135-145B-6A395ADB488A}
		{F556EB41-0922-0DDA-148A-FCFBB7F1D467} = {F556EB41-0922-0DDA-148A-FCFBB7F1D467}
		{A061A0E6-0BA4-0E09-0AC4-0E3A9427F4A2} = {A061A0E6-0BA4-0E09-0AC4-0E3A9427F4A2}
		{B3F5674B-0AA1-1375-15BA-F28D73248C7B} = {B3F5674B-0AA1-1375-15BA-F28D73248C7B}
		{776AD300-01B4-04A4-1973-A3B3484F489B} = {776AD300-01B4-04A4-1973-A3B3484F489B}
		{830BEF48-0382-0D20-1849-25277C43410A} = {830BEF48-0382-0D20-1849-25277C43410A}
	EndProjectSection
EndProject
Global
	GlobalSection(SolutionConfigurationPlatforms) = preSolution
		Debug|Win32 = Debug|Win32
		Release|Win32 = Release|Win32
		Debug|x64 = Debug|x64
		Release|x64 = Release|x64
	EndGlobalSection
	GlobalSection(ProjectConfigurationPlatforms) = postSolution
		{F556EB41-0922-0DDA-148A-FCFBB7F1D467}.Debug|Win32.ActiveCfg = Debug|Win32
		{F556EB41-0922-0DDA-148A-FCFBB7F1D467}.Debug|Win32.Build.0 = Debug|Win32
		{F556EB41-0922-0DDA-148A-FCFBB7F1D467}.Release|Win32.ActiveCfg = Release|Win32
		{F556EB41-0922-0DDA-148A-FCFBB7F1D467}.Release|Win32.Build.0 = Release|Win32
		{F556EB41-0922-0DDA-148A-FCFBB7F1D467}.Debug|x64.ActiveCfg = Debug|x64
		{F556EB41-0922-0DDA-148A-FCFBB7F1D467}.Debug|x64.Build.0 = Debug|x64
		{F556EB41-0922-0DDA-148A-FCFBB7F1D467}.Release|x64.ActiveCfg = Release|x64
		{F556EB41-0922-0DDA-148A-FCFBB7F1D467}.Release|x64.Build.0 = Release|x64
		{AFEC880D-09A3-0135-145B-6A395ADB488A}.Debug|Win32.ActiveCfg = Debug|Win32
		{AFEC880D-09A3-0135-145B-6A395ADB488A}.Debug|Win32.Build.0 = Debug|Win32
		{AFEC880D-09A3-0135-145B-6A395ADB488A}.Release|Win32.ActiveCfg = Release|Win32
		{AFEC880D-09A3-0135-145B-6A395ADB488A}.Release|Win32.Build.0 = Release|Win32
		{AFEC880D-09A3-0135-145B-6A395ADB488A}.Debug|x64.ActiveCfg = Debug|x64
		{AFEC880D-09A3-0135-145B-6A395ADB488A}.Debug|x64.Build.0 = Debug|x64
		{AFEC880D-09A3-0135-145B-6A395ADB488A}.Release|x64.ActiveCfg = Release|x64
		{AFEC880D-09A3-0135-145B-6A395ADB488A}.Release|x64.Build.0 = Release|x64
		{776AD300-01B4-04A4-1973-A3B3484F489B}.Debug|Win32.ActiveCfg = Debug|Win32
		{776AD300-01B4-04A4-1973-A3B3484F489B}.Debug|Win32.Build.0 = Debug|Win32
		{776AD300-01B4-04A4-1973-A3B3484F489B}.Release|Win32.ActiveCfg = Release|Win32
		{776AD300-01B4-04A4-1973-A3B3484F489B}.Release|Win32.Build.0 = Release|Win32
		{776AD300-01B4-04A4-1973-A3B3484F489B}.Debug|x64.ActiveCfg = Debug|x64
		{776AD300-01B4-04A4-1973-A3B3484F489B}.Debug|x64.Build.0 = Debug|x64
		{776AD300-01B4-04A4-1973-A3B3484F489B}.Release|x64.ActiveCfg = Release|x64
		{776AD300-01B4-04A4-1973-A3B3484F489B}.Release|x64.Build.0 = Release|x64
		{27CA3954-0BF3-04FD-1068-21F30BDB7CAF}.Debug|Win32.ActiveCfg = Debug|Win32
		{27CA3954-0BF3-04FD-1068-21F30BDB7CAF}.Debug|Win32.Build.0 = Debug|Win32
		{27CA3954-0BF3-04FD-1068-21F30BDB7CAF}.Release|Win32.ActiveCfg = Release|Win32
		{27CA3954-0BF3-04FD-1068-21F30BDB7CAF}.Release|Win32.Build.0 = Release|Win32
		{27CA3954-0BF3-04FD-1068-21F30BDB7CAF}.Debug|x64.ActiveCfg = Debug|x64
		{27CA3954-0BF3-04FD-1068-21F30BDB7CAF}.Debug|x64.Build.0 = Debug|x64
		{27CA3954-0BF3-04FD-1068-21F30BDB7CAF}.Release|x64.ActiveCfg = Release|x64
		{27CA3954-0BF3-04FD-1068-21F30BDB7CAF}.Release|x64.Build.0 = Release|x64
		{D6F02BD3-0733-012B-1368-1CEF9DB733A8}.Debug|Win32.ActiveCfg = Debug|Win32
		{D6F02BD3-0733-012B-1368-1CEF9DB733A8}.Debug|Win32.Build.0 = Debug|Win32
		{D6F02BD3-0733-012B-1368-1CEF9DB733A8}.Release|Win32.ActiveCfg = Release|Win32
		{D6F02BD3-0733-012B-1368-1CEF9DB733A8}.Release|Win32.Build.0 = Release|Win32
		{D6F02BD3-0733-012B-1368-1CEF9DB733A8}.Debug|x64.ActiveCfg = Debug|x64
		{D6F02BD3-0733-012B-1368-1CEF9DB733A8}.Debug|x64.Build.0 = Debug|x64
		{D6F02BD3-0733-012B-1368-1CEF9DB733A8}.Release|x64.ActiveCfg = Release|x64
		{D6F02BD3-0733-012B-1368-1CEF9DB733A8}.Release|x64.Build.0 = Release|x64
		{A061A0E6-0BA4-0E09-0AC4-0E3A9427F4A2}.Debug|Win32.ActiveCfg = Debug|Win32
		{A061A0E6-0BA4-0E09-0AC4-0E3A9427F4A2}.Debug|Win32.Build.0 = Debug|Win32
		{A061A0E6-0BA4-0E09-0AC4-0E3A9427F4A2}.Release|Win32.ActiveCfg = Release|Win32
		{A061A0E6-0BA4-0E09-0AC4-0E3A9427F4A2}.Release|Win32.Build.0 = Release|Win32
		{A061A0E6-0BA4-0E09-0AC4-0E3A9427F4A2}.Debug|x64.ActiveCfg = Debug|x64
		{A061A0E6-0BA4-0E09-0AC4-0E3A9427F4A2}.Debug|x64.Build.0 = Debug|x64
		{A061A0E6-0BA4-0E09-0AC4-0E3A9427F4A2}.Release|x64.ActiveCfg = Release|x64
		{A061A0E6-0BA4-0E09-0AC4-0E3A9427F4A2}.Release|x64.Build.0 = Release|x64
		{2DCA3973-0914-03AF-0B19-3FBFBF45B610}.Debug|Win32.ActiveCfg = Debug|Win32
		{2DCA3973-0914-03AF-0B19-3FBFBF45B610}.Debug|Win32.Build.0 = Debug|Win32
		{2DCA3973-0914-03AF-0B19-3FBFBF45B610}.Release|Win32.ActiveCfg = Release|Win32
		{2DCA3973-0914-03AF-0B19-3FBFBF45B610}.Release|Win32.Build.0 = Release|Win32
		{2DCA3973-0914-03AF-0B19-3FBFBF45B610}.Debug|x64.ActiveCfg = Debug|x64
		{2DCA3973-0914-03AF-0B19-3FBFBF45B610}.Debug|x64.Build.0 = Debug|x64
		{2DCA3973-0914-03AF-0B19-3FBFBF45B610}.Release|x64.ActiveCfg = Release|x64
		{2DCA3973-0914-03AF-0B19-3FBFBF45B610}.Release|x64.Build.0 = Release|x64
		{B3F5674B-0AA1-1375-15BA-F28D73248C7B}.Debug|Win32.ActiveCfg = Debug|Win32
		{B3F5674B-0AA1-1375-15BA-F28D73248C7B}.Debug|Win32.Build.0 = Debug|Win32
		{B3F5674B-0AA1-1375-15BA-F28D73248C7B}.Release|Win32.ActiveCfg = Release|Win32
		{B3F5674B-0AA1-1375-15BA-F28D73248C7B}.Release|Win32.Build.0 = Release|Win32
		{B3F5674B-0AA1-1375-15BA-F28D73248C7B}.Debug|x64.ActiveCfg = Debug|x64
		{B3F5674B-0AA1-1375-15BA-F28D73248C7B}.Debug|x64.Build.0 = Debug|x64
		{B3F5674B-0AA1-1375-15BA-F28D73248C7B}.Release|x64.ActiveCfg = Release|x64
		{B3F5674B-0AA1-1375-15BA-F28D73248C7B}.Release|x64.Build.0 = Release|x64
		{830BEF48-0382-0D20-1849-25277C43410A}.Debug|Win32.ActiveCfg = Debug|Win32
		{830BEF48-0382-0D20-1849-25277C43410A}.Debug|Win32.Build.0 = Debug|Win32
		{830BEF48-0382-0D20-1849-25277C43410A}.Release|Win32.ActiveCfg = Release|Win32
		{830BEF48-0382-0D20-1849-25277C43410A}.Release|Win32.Build.0 = Release|Win32
		{830BEF48-0382-0D20-1849-25277C43410A}.Debug|x64.ActiveCfg = Debug|x64
		{830BEF48-0382-0D20-1849-25277C43410A}.Debug|x64.Build.0 = Debug|x64
		{830BEF48-0382-0D20-1849-25277C43410A}.Release|x64.ActiveCfg = Release|x64
		{830BEF48-0382-0D20-1849-25277C43410A}.Release|x64.Build.0 = Release|x64
		{63319DE4-0B26-0293-1707-F61AC8587E82}.Debug|Win32.ActiveCfg = Debug|Win32
		{63319DE4-0B26-0293-1707-F61AC8587E82}.Debug|Win32.Build.0 = Debug|Win32
		{63319DE4-0B26-0293-1707-F61AC8587E82}.Release|Win32.ActiveCfg = Release|Win32
		{63319DE4-0B26-0293-1707-F61AC8587E82}.Release|Win32.Build.0 = Release|Win32
		{63319DE4-0B26-0293-1707-F61AC8587E82}.Debug|x64.ActiveCfg = Debug|x64
		{63319DE4-0B26-0293-1707-F61AC8587E82}.Debug|x64.Build.0 = Debug|x64
		{63319DE4-0B26-0293-1707-F61AC8587E82}.Release|x64.ActiveCfg = Release|x64
		{63319DE4-0B26-0293-1707-F61AC8587E82}.Release|x64.Build.0 = Release|x64
		{D9BCC92F-0D33-1592-0656-1A529B25662C}.Debug|Win32.ActiveCfg = Debug|Win32
		{D9BCC92F-0D33-1592-0656-1A529B25662C}.Debug|Win32.Build.0 = Debug|Win32
		{D9BCC92F-0D33-1592-0656-1A529B25662C}.Release|Win32.ActiveCfg = Release|Win32
		{D9BCC92F-0D33-1592-0656-1A529B25662C}.Release|Win32.Build.0 = Release|Win32
		{D9BCC92F-0D33-1592-0656-1A529B25662C}.Debug|x64.ActiveCfg = Debug|x64
		{D9BCC92F-0D33-1592-0656-1A529B25662C}.Debug|x64.Build.0 = Debug|x64
		{D9BCC92F-0D33-1592-0656-1A529B25662C}.Release|x64.ActiveCfg = Release|x64
		{D9BCC92F-0D33-1592-0656-1A529B25662C}.Release|x64.Build.0 = Release|x64
		{56E4378A-0F61-11C2-1067-BB4CD7B1D97B}.Debug|Win32.ActiveCfg = Debug|Win32
		{56E4378A-0F61-11C2-1067-BB4CD7B1D97B}.Debug|Win32.Build.0 = Debug|Win32
		{56E4378A-0F61-11C2-1067-BB4CD7B1D97B}.Release|Win32.ActiveCfg = Release|Win32
		{56E4378A-0F61-11C2-1067-BB4CD7B1D97B}.Release|Win32.Build.0 = Release|Win32
		{56E4378A-0F61-11C2-1067-BB4CD7B1D97B}.Debug|x64.ActiveCfg = Debug|x64
		{56E4378A-0F61-11C2-1067-BB4CD7B1D97B}.Debug|x64.Build.0 = Debug|x64
		{56E4378A-0F61-11C2-1067-BB4CD7B1D97B}.Release|x64.ActiveCfg = Release|x64
		{56E4378A-0F61-11C2-1067-BB4CD7B1D97B}.Release|x64.Build.0 = Release|x64
	EndGlobalSection
	GlobalSection(SolutionProperties) = preSolution
		HideSolutionNode = FALSE
	EndGlobalSection
EndGlobal
