Microsoft Visual Studio Solution File, Format Version 12.00
# Visual Studio 2013
Project("{8BC9CEB8-8B4A-11D0-8D11-00A0C91BC942}") = "TKG2d", "TKG2d.vcxproj", "{CEECCA51-087F-0CE6-166D-6A5D4210B99B}"
EndProject
Project("{8BC9CEB8-8B4A-11D0-8D11-00A0C91BC942}") = "TKG3d", "TKG3d.vcxproj", "{0986BD96-0C7A-0422-09C1-D71F37425D8A}"
	ProjectSection(ProjectDependencies) = postProject
		{CEECCA51-087F-0CE6-166D-6A5D4210B99B} = {CEECCA51-087F-0CE6-166D-6A5D4210B99B}
	EndProjectSection
EndProject
Project("{8BC9CEB8-8B4A-11D0-8D11-00A0C91BC942}") = "TKGeomBase", "TKGeomBase.vcxproj", "{0B45030D-0743-0311-0186-C8BF4C8726E1}"
	ProjectSection(ProjectDependencies) = postProject
		{CEECCA51-087F-0CE6-166D-6A5D4210B99B} = {CEECCA51-087F-0CE6-166D-6A5D4210B99B}
		{0986BD96-0C7A-0422-09C1-D71F37425D8A} = {0986BD96-0C7A-0422-09C1-D71F37425D8A}
	EndProjectSection
EndProject
Project("{8BC9CEB8-8B4A-11D0-8D11-00A0C91BC942}") = "TKBRep", "TKBRep.vcxproj", "{0998B820-0578-0455-0C25-785A67773990}"
	ProjectSection(ProjectDependencies) = postProject
		{CEECCA51-087F-0CE6-166D-6A5D4210B99B} = {CEECCA51-087F-0CE6-166D-6A5D4210B99B}
		{0986BD96-0C7A-0422-09C1-D71F37425D8A} = {0986BD96-0C7A-0422-09C1-D71F37425D8A}
		{0B45030D-0743-0311-0186-C8BF4C8726E1} = {0B45030D-0743-0311-0186-C8BF4C8726E1}
	EndProjectSection
EndProject
Global
	GlobalSection(SolutionConfigurationPlatforms) = preSolution
		Debug|Win32 = Debug|Win32
		Release|Win32 = Release|Win32
		Debug|x64 = Debug|x64
		Release|x64 = Release|x64
	EndGlobalSection
	GlobalSection(ProjectConfigurationPlatforms) = postSolution
		{CEECCA51-087F-0CE6-166D-6A5D4210B99B}.Debug|Win32.ActiveCfg = Debug|Win32
		{CEECCA51-087F-0CE6-166D-6A5D4210B99B}.Debug|Win32.Build.0 = Debug|Win32
		{CEECCA51-087F-0CE6-166D-6A5D4210B99B}.Release|Win32.ActiveCfg = Release|Win32
		{CEECCA51-087F-0CE6-166D-6A5D4210B99B}.Release|Win32.Build.0 = Release|Win32
		{CEECCA51-087F-0CE6-166D-6A5D4210B99B}.Debug|x64.ActiveCfg = Debug|x64
		{CEECCA51-087F-0CE6-166D-6A5D4210B99B}.Debug|x64.Build.0 = Debug|x64
		{CEECCA51-087F-0CE6-166D-6A5D4210B99B}.Release|x64.ActiveCfg = Release|x64
		{CEECCA51-087F-0CE6-166D-6A5D4210B99B}.Release|x64.Build.0 = Release|x64
		{0986BD96-0C7A-0422-09C1-D71F37425D8A}.Debug|Win32.ActiveCfg = Debug|Win32
		{0986BD96-0C7A-0422-09C1-D71F37425D8A}.Debug|Win32.Build.0 = Debug|Win32
		{0986BD96-0C7A-0422-09C1-D71F37425D8A}.Release|Win32.ActiveCfg = Release|Win32
		{0986BD96-0C7A-0422-09C1-D71F37425D8A}.Release|Win32.Build.0 = Release|Win32
		{0986BD96-0C7A-0422-09C1-D71F37425D8A}.Debug|x64.ActiveCfg = Debug|x64
		{0986BD96-0C7A-0422-09C1-D71F37425D8A}.Debug|x64.Build.0 = Debug|x64
		{0986BD96-0C7A-0422-09C1-D71F37425D8A}.Release|x64.ActiveCfg = Release|x64
		{0986BD96-0C7A-0422-09C1-D71F37425D8A}.Release|x64.Build.0 = Release|x64
		{0B45030D-0743-0311-0186-C8BF4C8726E1}.Debug|Win32.ActiveCfg = Debug|Win32
		{0B45030D-0743-0311-0186-C8BF4C8726E1}.Debug|Win32.Build.0 = Debug|Win32
		{0B45030D-0743-0311-0186-C8BF4C8726E1}.Release|Win32.ActiveCfg = Release|Win32
		{0B45030D-0743-0311-0186-C8BF4C8726E1}.Release|Win32.Build.0 = Release|Win32
		{0B45030D-0743-0311-0186-C8BF4C8726E1}.Debug|x64.ActiveCfg = Debug|x64
		{0B45030D-0743-0311-0186-C8BF4C8726E1}.Debug|x64.Build.0 = Debug|x64
		{0B45030D-0743-0311-0186-C8BF4C8726E1}.Release|x64.ActiveCfg = Release|x64
		{0B45030D-0743-0311-0186-C8BF4C8726E1}.Release|x64.Build.0 = Release|x64
		{0998B820-0578-0455-0C25-785A67773990}.Debug|Win32.ActiveCfg = Debug|Win32
		{0998B820-0578-0455-0C25-785A67773990}.Debug|Win32.Build.0 = Debug|Win32
		{0998B820-0578-0455-0C25-785A67773990}.Release|Win32.ActiveCfg = Release|Win32
		{0998B820-0578-0455-0C25-785A67773990}.Release|Win32.Build.0 = Release|Win32
		{0998B820-0578-0455-0C25-785A67773990}.Debug|x64.ActiveCfg = Debug|x64
		{0998B820-0578-0455-0C25-785A67773990}.Debug|x64.Build.0 = Debug|x64
		{0998B820-0578-0455-0C25-785A67773990}.Release|x64.ActiveCfg = Release|x64
		{0998B820-0578-0455-0C25-785A67773990}.Release|x64.Build.0 = Release|x64
	EndGlobalSection
	GlobalSection(SolutionProperties) = preSolution
		HideSolutionNode = FALSE
	EndGlobalSection
EndGlobal
