<?xml version="1.0" encoding="utf-8"?>
<Project ToolsVersion="4.0" xmlns="http://schemas.microsoft.com/developer/msbuild/2003">
  <ItemGroup>
    <Filter Include="Source files">
      <UniqueIdentifier>{422D774B-082E-0222-1780-11D72A450F27}</UniqueIdentifier>
    </Filter>
    <Filter Include="Source files\XmlLDrivers">
      <UniqueIdentifier>{E5DF1F39-0DB6-000A-169B-066B446C7D7C}</UniqueIdentifier>
    </Filter>
    <Filter Include="Source files\XmlMDF">
      <UniqueIdentifier>{A270BA49-0CD1-0E5D-085B-1FF42DD7D8C8}</UniqueIdentifier>
    </Filter>
    <Filter Include="Source files\XmlMDataStd">
      <UniqueIdentifier>{D96737C0-0770-03CF-1085-7065921C6E1C}</UniqueIdentifier>
    </Filter>
    <Filter Include="Source files\XmlMDocStd">
      <UniqueIdentifier>{812A480F-0E56-0CCA-13A4-6624A0EEAE20}</UniqueIdentifier>
    </Filter>
    <Filter Include="Source files\XmlMFunction">
      <UniqueIdentifier>{E9BB74D1-17D4-0115-0E51-73F98B043E74}</UniqueIdentifier>
    </Filter>
    <Filter Include="Source files\XmlObjMgt">
      <UniqueIdentifier>{A03C739E-0932-071D-0517-D1A0687A266C}</UniqueIdentifier>
    </Filter>
  </ItemGroup>
  <ItemGroup>
    <ClCompile Include="..\..\..\src\XmlLDrivers\XmlLDrivers.cxx">
      <Filter>Source files\XmlLDrivers</Filter>
    </ClCompile>
    <ClCompile Include="..\..\..\src\XmlLDrivers\XmlLDrivers_DocumentRetrievalDriver.cxx">
      <Filter>Source files\XmlLDrivers</Filter>
    </ClCompile>
    <ClCompile Include="..\..\..\src\XmlLDrivers\XmlLDrivers_DocumentStorageDriver.cxx">
      <Filter>Source files\XmlLDrivers</Filter>
    </ClCompile>
    <ClCompile Include="..\..\..\src\XmlLDrivers\XmlLDrivers_NamespaceDef.cxx">
      <Filter>Source files\XmlLDrivers</Filter>
    </ClCompile>
    <ClCompile Include="..\..\..\src\XmlMDF\XmlMDF.cxx">
      <Filter>Source files\XmlMDF</Filter>
    </ClCompile>
    <ClCompile Include="..\..\..\src\XmlMDF\XmlMDF_ADriver.cxx">
      <Filter>Source files\XmlMDF</Filter>
    </ClCompile>
    <ClCompile Include="..\..\..\src\XmlMDF\XmlMDF_ADriverTable.cxx">
      <Filter>Source files\XmlMDF</Filter>
    </ClCompile>
    <ClCompile Include="..\..\..\src\XmlMDF\XmlMDF_ReferenceDriver.cxx">
      <Filter>Source files\XmlMDF</Filter>
    </ClCompile>
    <ClCompile Include="..\..\..\src\XmlMDF\XmlMDF_TagSourceDriver.cxx">
      <Filter>Source files\XmlMDF</Filter>
    </ClCompile>
    <ClCompile Include="..\..\..\src\XmlMDataStd\XmlMDataStd.cxx">
      <Filter>Source files\XmlMDataStd</Filter>
    </ClCompile>
    <ClCompile Include="..\..\..\src\XmlMDataStd\XmlMDataStd_AsciiStringDriver.cxx">
      <Filter>Source files\XmlMDataStd</Filter>
    </ClCompile>
    <ClCompile Include="..\..\..\src\XmlMDataStd\XmlMDataStd_BooleanArrayDriver.cxx">
      <Filter>Source files\XmlMDataStd</Filter>
    </ClCompile>
    <ClCompile Include="..\..\..\src\XmlMDataStd\XmlMDataStd_BooleanListDriver.cxx">
      <Filter>Source files\XmlMDataStd</Filter>
    </ClCompile>
    <ClCompile Include="..\..\..\src\XmlMDataStd\XmlMDataStd_ByteArrayDriver.cxx">
      <Filter>Source files\XmlMDataStd</Filter>
    </ClCompile>
    <ClCompile Include="..\..\..\src\XmlMDataStd\XmlMDataStd_CommentDriver.cxx">
      <Filter>Source files\XmlMDataStd</Filter>
    </ClCompile>
    <ClCompile Include="..\..\..\src\XmlMDataStd\XmlMDataStd_DirectoryDriver.cxx">
      <Filter>Source files\XmlMDataStd</Filter>
    </ClCompile>
    <ClCompile Include="..\..\..\src\XmlMDataStd\XmlMDataStd_ExpressionDriver.cxx">
      <Filter>Source files\XmlMDataStd</Filter>
    </ClCompile>
    <ClCompile Include="..\..\..\src\XmlMDataStd\XmlMDataStd_ExtStringArrayDriver.cxx">
      <Filter>Source files\XmlMDataStd</Filter>
    </ClCompile>
    <ClCompile Include="..\..\..\src\XmlMDataStd\XmlMDataStd_ExtStringListDriver.cxx">
      <Filter>Source files\XmlMDataStd</Filter>
    </ClCompile>
    <ClCompile Include="..\..\..\src\XmlMDataStd\XmlMDataStd_IntPackedMapDriver.cxx">
      <Filter>Source files\XmlMDataStd</Filter>
    </ClCompile>
    <ClCompile Include="..\..\..\src\XmlMDataStd\XmlMDataStd_IntegerArrayDriver.cxx">
      <Filter>Source files\XmlMDataStd</Filter>
    </ClCompile>
    <ClCompile Include="..\..\..\src\XmlMDataStd\XmlMDataStd_IntegerDriver.cxx">
      <Filter>Source files\XmlMDataStd</Filter>
    </ClCompile>
    <ClCompile Include="..\..\..\src\XmlMDataStd\XmlMDataStd_IntegerListDriver.cxx">
      <Filter>Source files\XmlMDataStd</Filter>
    </ClCompile>
    <ClCompile Include="..\..\..\src\XmlMDataStd\XmlMDataStd_NameDriver.cxx">
      <Filter>Source files\XmlMDataStd</Filter>
    </ClCompile>
    <ClCompile Include="..\..\..\src\XmlMDataStd\XmlMDataStd_NamedDataDriver.cxx">
      <Filter>Source files\XmlMDataStd</Filter>
    </ClCompile>
    <ClCompile Include="..\..\..\src\XmlMDataStd\XmlMDataStd_NoteBookDriver.cxx">
      <Filter>Source files\XmlMDataStd</Filter>
    </ClCompile>
    <ClCompile Include="..\..\..\src\XmlMDataStd\XmlMDataStd_RealArrayDriver.cxx">
      <Filter>Source files\XmlMDataStd</Filter>
    </ClCompile>
    <ClCompile Include="..\..\..\src\XmlMDataStd\XmlMDataStd_RealDriver.cxx">
      <Filter>Source files\XmlMDataStd</Filter>
    </ClCompile>
    <ClCompile Include="..\..\..\src\XmlMDataStd\XmlMDataStd_RealListDriver.cxx">
      <Filter>Source files\XmlMDataStd</Filter>
    </ClCompile>
    <ClCompile Include="..\..\..\src\XmlMDataStd\XmlMDataStd_ReferenceArrayDriver.cxx">
      <Filter>Source files\XmlMDataStd</Filter>
    </ClCompile>
    <ClCompile Include="..\..\..\src\XmlMDataStd\XmlMDataStd_ReferenceListDriver.cxx">
      <Filter>Source files\XmlMDataStd</Filter>
    </ClCompile>
    <ClCompile Include="..\..\..\src\XmlMDataStd\XmlMDataStd_RelationDriver.cxx">
      <Filter>Source files\XmlMDataStd</Filter>
    </ClCompile>
    <ClCompile Include="..\..\..\src\XmlMDataStd\XmlMDataStd_TickDriver.cxx">
      <Filter>Source files\XmlMDataStd</Filter>
    </ClCompile>
    <ClCompile Include="..\..\..\src\XmlMDataStd\XmlMDataStd_TreeNodeDriver.cxx">
      <Filter>Source files\XmlMDataStd</Filter>
    </ClCompile>
    <ClCompile Include="..\..\..\src\XmlMDataStd\XmlMDataStd_UAttributeDriver.cxx">
      <Filter>Source files\XmlMDataStd</Filter>
    </ClCompile>
    <ClCompile Include="..\..\..\src\XmlMDataStd\XmlMDataStd_VariableDriver.cxx">
      <Filter>Source files\XmlMDataStd</Filter>
    </ClCompile>
    <ClCompile Include="..\..\..\src\XmlMDocStd\XmlMDocStd.cxx">
      <Filter>Source files\XmlMDocStd</Filter>
    </ClCompile>
    <ClCompile Include="..\..\..\src\XmlMDocStd\XmlMDocStd_XLinkDriver.cxx">
      <Filter>Source files\XmlMDocStd</Filter>
    </ClCompile>
    <ClCompile Include="..\..\..\src\XmlMFunction\XmlMFunction.cxx">
      <Filter>Source files\XmlMFunction</Filter>
    </ClCompile>
    <ClCompile Include="..\..\..\src\XmlMFunction\XmlMFunction_FunctionDriver.cxx">
      <Filter>Source files\XmlMFunction</Filter>
    </ClCompile>
    <ClCompile Include="..\..\..\src\XmlMFunction\XmlMFunction_GraphNodeDriver.cxx">
      <Filter>Source files\XmlMFunction</Filter>
    </ClCompile>
    <ClCompile Include="..\..\..\src\XmlMFunction\XmlMFunction_ScopeDriver.cxx">
      <Filter>Source files\XmlMFunction</Filter>
    </ClCompile>
    <ClCompile Include="..\..\..\src\XmlObjMgt\XmlObjMgt.cxx">
      <Filter>Source files\XmlObjMgt</Filter>
    </ClCompile>
    <ClCompile Include="..\..\..\src\XmlObjMgt\XmlObjMgt_Array1.cxx">
      <Filter>Source files\XmlObjMgt</Filter>
    </ClCompile>
    <ClCompile Include="..\..\..\src\XmlObjMgt\XmlObjMgt_GP.cxx">
      <Filter>Source files\XmlObjMgt</Filter>
    </ClCompile>
    <ClCompile Include="..\..\..\src\XmlObjMgt\XmlObjMgt_Persistent.cxx">
      <Filter>Source files\XmlObjMgt</Filter>
    </ClCompile>
  </ItemGroup>
</Project>
