<?xml version="1.0" encoding="utf-8"?>
<Project ToolsVersion="4.0" xmlns="http://schemas.microsoft.com/developer/msbuild/2003">
  <ItemGroup>
    <Filter Include="Source files">
      <UniqueIdentifier>{0439FD47-0221-029A-16C7-25C2AB0F7EAE}</UniqueIdentifier>
    </Filter>
    <Filter Include="Source files\FSD">
      <UniqueIdentifier>{45F0503A-004E-0149-1293-35BF0890BC61}</UniqueIdentifier>
    </Filter>
    <Filter Include="Source files\OSD">
      <UniqueIdentifier>{3FB02A24-064D-0A47-07FD-800406883FD0}</UniqueIdentifier>
    </Filter>
    <Filter Include="Source files\Plugin">
      <UniqueIdentifier>{15AB6E9A-0F32-17EE-1040-BCEA9BCE93A0}</UniqueIdentifier>
    </Filter>
    <Filter Include="Source files\Quantity">
      <UniqueIdentifier>{3E1BF369-072A-0EEF-0B1B-BBA22F94EF53}</UniqueIdentifier>
    </Filter>
    <Filter Include="Source files\Resource">
      <UniqueIdentifier>{EC609ACB-14E0-1684-15DB-EF15004BE227}</UniqueIdentifier>
    </Filter>
    <Filter Include="Source files\Standard">
      <UniqueIdentifier>{EC85ACA3-098E-0A36-144E-B2EAEB5CF905}</UniqueIdentifier>
    </Filter>
    <Filter Include="Source files\Storage">
      <UniqueIdentifier>{E0CAF042-1160-0171-0FCA-35324F79E855}</UniqueIdentifier>
    </Filter>
    <Filter Include="Source files\TColStd">
      <UniqueIdentifier>{845C99BD-1764-051A-0EDC-0C6C108AA58B}</UniqueIdentifier>
    </Filter>
    <Filter Include="Source files\TCollection">
      <UniqueIdentifier>{7A4E1529-01FA-0FCC-18A6-DA975204BC38}</UniqueIdentifier>
    </Filter>
    <Filter Include="Source files\Units">
      <UniqueIdentifier>{E127024C-04D2-0F55-1048-B7C95E0559F9}</UniqueIdentifier>
    </Filter>
    <Filter Include="Source files\UnitsAPI">
      <UniqueIdentifier>{562259FE-092D-03CB-13D5-8156CE6A042F}</UniqueIdentifier>
    </Filter>
    <Filter Include="Source files\NCollection">
      <UniqueIdentifier>{38B29785-0B08-1499-0292-4D6A5E82536D}</UniqueIdentifier>
    </Filter>
    <Filter Include="Source files\Message">
      <UniqueIdentifier>{3331792F-08A9-03CB-1954-D10CB89A05FD}</UniqueIdentifier>
    </Filter>
  </ItemGroup>
  <ItemGroup>
    <ClCompile Include="..\..\..\src\FSD\FSD_BinaryFile.cxx">
      <Filter>Source files\FSD</Filter>
    </ClCompile>
    <ClCompile Include="..\..\..\src\FSD\FSD_CmpFile.cxx">
      <Filter>Source files\FSD</Filter>
    </ClCompile>
    <ClCompile Include="..\..\..\src\FSD\FSD_File.cxx">
      <Filter>Source files\FSD</Filter>
    </ClCompile>
    <ClCompile Include="..\..\..\src\OSD\OSD.cxx">
      <Filter>Source files\OSD</Filter>
    </ClCompile>
    <ClCompile Include="..\..\..\src\OSD\OSD_Chronometer.cxx">
      <Filter>Source files\OSD</Filter>
    </ClCompile>
    <ClCompile Include="..\..\..\src\OSD\OSD_Directory.cxx">
      <Filter>Source files\OSD</Filter>
    </ClCompile>
    <ClCompile Include="..\..\..\src\OSD\OSD_DirectoryIterator.cxx">
      <Filter>Source files\OSD</Filter>
    </ClCompile>
    <ClCompile Include="..\..\..\src\OSD\OSD_Disk.cxx">
      <Filter>Source files\OSD</Filter>
    </ClCompile>
    <ClCompile Include="..\..\..\src\OSD\OSD_Environment.cxx">
      <Filter>Source files\OSD</Filter>
    </ClCompile>
    <ClCompile Include="..\..\..\src\OSD\OSD_Error.cxx">
      <Filter>Source files\OSD</Filter>
    </ClCompile>
    <ClCompile Include="..\..\..\src\OSD\OSD_File.cxx">
      <Filter>Source files\OSD</Filter>
    </ClCompile>
    <ClCompile Include="..\..\..\src\OSD\OSD_FileIterator.cxx">
      <Filter>Source files\OSD</Filter>
    </ClCompile>
    <ClCompile Include="..\..\..\src\OSD\OSD_FileNode.cxx">
      <Filter>Source files\OSD</Filter>
    </ClCompile>
    <ClCompile Include="..\..\..\src\OSD\OSD_Host.cxx">
      <Filter>Source files\OSD</Filter>
    </ClCompile>
    <ClCompile Include="..\..\..\src\OSD\OSD_MAllocHook.cxx">
      <Filter>Source files\OSD</Filter>
    </ClCompile>
    <ClCompile Include="..\..\..\src\OSD\OSD_MemInfo.cxx">
      <Filter>Source files\OSD</Filter>
    </ClCompile>
    <ClCompile Include="..\..\..\src\OSD\OSD_OpenFile.cxx">
      <Filter>Source files\OSD</Filter>
    </ClCompile>
    <ClCompile Include="..\..\..\src\OSD\OSD_Parallel.cxx">
      <Filter>Source files\OSD</Filter>
    </ClCompile>
    <ClCompile Include="..\..\..\src\OSD\OSD_Parallel_TBB.cxx">
      <Filter>Source files\OSD</Filter>
    </ClCompile>
    <ClCompile Include="..\..\..\src\OSD\OSD_Parallel_Threads.cxx">
      <Filter>Source files\OSD</Filter>
    </ClCompile>
    <ClCompile Include="..\..\..\src\OSD\OSD_Path.cxx">
      <Filter>Source files\OSD</Filter>
    </ClCompile>
    <ClCompile Include="..\..\..\src\OSD\OSD_PerfMeter.cxx">
      <Filter>Source files\OSD</Filter>
    </ClCompile>
    <ClCompile Include="..\..\..\src\OSD\OSD_Process.cxx">
      <Filter>Source files\OSD</Filter>
    </ClCompile>
    <ClCompile Include="..\..\..\src\OSD\OSD_Protection.cxx">
      <Filter>Source files\OSD</Filter>
    </ClCompile>
    <ClCompile Include="..\..\..\src\OSD\OSD_SharedLibrary.cxx">
      <Filter>Source files\OSD</Filter>
    </ClCompile>
    <ClCompile Include="..\..\..\src\OSD\OSD_Thread.cxx">
      <Filter>Source files\OSD</Filter>
    </ClCompile>
    <ClCompile Include="..\..\..\src\OSD\OSD_Timer.cxx">
      <Filter>Source files\OSD</Filter>
    </ClCompile>
    <ClCompile Include="..\..\..\src\OSD\OSD_WNT.cxx">
      <Filter>Source files\OSD</Filter>
    </ClCompile>
    <ClCompile Include="..\..\..\src\OSD\OSD_signal.cxx">
      <Filter>Source files\OSD</Filter>
    </ClCompile>
    <ClCompile Include="..\..\..\src\Plugin\Plugin.cxx">
      <Filter>Source files\Plugin</Filter>
    </ClCompile>
    <ClCompile Include="..\..\..\src\Quantity\Quantity_Color.cxx">
      <Filter>Source files\Quantity</Filter>
    </ClCompile>
    <ClCompile Include="..\..\..\src\Quantity\Quantity_Date.cxx">
      <Filter>Source files\Quantity</Filter>
    </ClCompile>
    <ClCompile Include="..\..\..\src\Quantity\Quantity_Period.cxx">
      <Filter>Source files\Quantity</Filter>
    </ClCompile>
    <ClCompile Include="..\..\..\src\Resource\Resource_ConvertUnicode.c">
      <Filter>Source files\Resource</Filter>
    </ClCompile>
    <ClCompile Include="..\..\..\src\Resource\Resource_LexicalCompare.cxx">
      <Filter>Source files\Resource</Filter>
    </ClCompile>
    <ClCompile Include="..\..\..\src\Resource\Resource_Manager.cxx">
      <Filter>Source files\Resource</Filter>
    </ClCompile>
    <ClCompile Include="..\..\..\src\Resource\Resource_Unicode.cxx">
      <Filter>Source files\Resource</Filter>
    </ClCompile>
    <ClCompile Include="..\..\..\src\Standard\Standard.cxx">
      <Filter>Source files\Standard</Filter>
    </ClCompile>
    <ClCompile Include="..\..\..\src\Standard\Standard_ArrayStreamBuffer.cxx">
      <Filter>Source files\Standard</Filter>
    </ClCompile>
    <ClCompile Include="..\..\..\src\Standard\Standard_CLocaleSentry.cxx">
      <Filter>Source files\Standard</Filter>
    </ClCompile>
    <ClCompile Include="..\..\..\src\Standard\Standard_CString.cxx">
      <Filter>Source files\Standard</Filter>
    </ClCompile>
    <ClCompile Include="..\..\..\src\Standard\Standard_ErrorHandler.cxx">
      <Filter>Source files\Standard</Filter>
    </ClCompile>
    <ClCompile Include="..\..\..\src\Standard\Standard_ExtString.cxx">
      <Filter>Source files\Standard</Filter>
    </ClCompile>
    <ClCompile Include="..\..\..\src\Standard\Standard_Failure.cxx">
      <Filter>Source files\Standard</Filter>
    </ClCompile>
    <ClCompile Include="..\..\..\src\Standard\Standard_GUID.cxx">
      <Filter>Source files\Standard</Filter>
    </ClCompile>
    <ClCompile Include="..\..\..\src\Standard\Standard_MMgrOpt.cxx">
      <Filter>Source files\Standard</Filter>
    </ClCompile>
    <ClCompile Include="..\..\..\src\Standard\Standard_MMgrRaw.cxx">
      <Filter>Source files\Standard</Filter>
    </ClCompile>
    <ClCompile Include="..\..\..\src\Standard\Standard_MMgrRoot.cxx">
      <Filter>Source files\Standard</Filter>
    </ClCompile>
    <ClCompile Include="..\..\..\src\Standard\Standard_MMgrTBBalloc.cxx">
      <Filter>Source files\Standard</Filter>
    </ClCompile>
    <ClCompile Include="..\..\..\src\Standard\Standard_Mutex.cxx">
      <Filter>Source files\Standard</Filter>
    </ClCompile>
    <ClCompile Include="..\..\..\src\Standard\Standard_OutOfMemory.cxx">
      <Filter>Source files\Standard</Filter>
    </ClCompile>
    <ClCompile Include="..\..\..\src\Standard\Standard_Persistent.cxx">
      <Filter>Source files\Standard</Filter>
    </ClCompile>
    <ClCompile Include="..\..\..\src\Standard\Standard_Real.cxx">
      <Filter>Source files\Standard</Filter>
    </ClCompile>
    <ClCompile Include="..\..\..\src\Standard\Standard_ShortReal.cxx">
      <Filter>Source files\Standard</Filter>
    </ClCompile>
    <ClCompile Include="..\..\..\src\Standard\Standard_Strtod.cxx">
      <Filter>Source files\Standard</Filter>
    </ClCompile>
    <ClCompile Include="..\..\..\src\Standard\Standard_Transient.cxx">
      <Filter>Source files\Standard</Filter>
    </ClCompile>
    <ClCompile Include="..\..\..\src\Standard\Standard_Type.cxx">
      <Filter>Source files\Standard</Filter>
    </ClCompile>
    <ClCompile Include="..\..\..\src\Standard\Standard_math.cxx">
      <Filter>Source files\Standard</Filter>
    </ClCompile>
    <ClCompile Include="..\..\..\src\Storage\Storage.cxx">
      <Filter>Source files\Storage</Filter>
    </ClCompile>
    <ClCompile Include="..\..\..\src\Storage\Storage_BaseDriver.cxx">
      <Filter>Source files\Storage</Filter>
    </ClCompile>
    <ClCompile Include="..\..\..\src\Storage\Storage_CallBack.cxx">
      <Filter>Source files\Storage</Filter>
    </ClCompile>
    <ClCompile Include="..\..\..\src\Storage\Storage_Data.cxx">
      <Filter>Source files\Storage</Filter>
    </ClCompile>
    <ClCompile Include="..\..\..\src\Storage\Storage_DefaultCallBack.cxx">
      <Filter>Source files\Storage</Filter>
    </ClCompile>
    <ClCompile Include="..\..\..\src\Storage\Storage_HeaderData.cxx">
      <Filter>Source files\Storage</Filter>
    </ClCompile>
    <ClCompile Include="..\..\..\src\Storage\Storage_InternalData.cxx">
      <Filter>Source files\Storage</Filter>
    </ClCompile>
    <ClCompile Include="..\..\..\src\Storage\Storage_Root.cxx">
      <Filter>Source files\Storage</Filter>
    </ClCompile>
    <ClCompile Include="..\..\..\src\Storage\Storage_RootData.cxx">
      <Filter>Source files\Storage</Filter>
    </ClCompile>
    <ClCompile Include="..\..\..\src\Storage\Storage_Schema.cxx">
      <Filter>Source files\Storage</Filter>
    </ClCompile>
    <ClCompile Include="..\..\..\src\Storage\Storage_TypeData.cxx">
      <Filter>Source files\Storage</Filter>
    </ClCompile>
    <ClCompile Include="..\..\..\src\Storage\Storage_TypedCallBack.cxx">
      <Filter>Source files\Storage</Filter>
    </ClCompile>
    <ClCompile Include="..\..\..\src\TColStd\TColStd_HPackedMapOfInteger.cxx">
      <Filter>Source files\TColStd</Filter>
    </ClCompile>
    <ClCompile Include="..\..\..\src\TColStd\TColStd_PackedMapOfInteger.cxx">
      <Filter>Source files\TColStd</Filter>
    </ClCompile>
    <ClCompile Include="..\..\..\src\TCollection\TCollection.cxx">
      <Filter>Source files\TCollection</Filter>
    </ClCompile>
    <ClCompile Include="..\..\..\src\TCollection\TCollection_AsciiString.cxx">
      <Filter>Source files\TCollection</Filter>
    </ClCompile>
    <ClCompile Include="..\..\..\src\TCollection\TCollection_BaseSequence.cxx">
      <Filter>Source files\TCollection</Filter>
    </ClCompile>
    <ClCompile Include="..\..\..\src\TCollection\TCollection_BasicMap.cxx">
      <Filter>Source files\TCollection</Filter>
    </ClCompile>
    <ClCompile Include="..\..\..\src\TCollection\TCollection_BasicMapIterator.cxx">
      <Filter>Source files\TCollection</Filter>
    </ClCompile>
    <ClCompile Include="..\..\..\src\TCollection\TCollection_ExtendedString.cxx">
      <Filter>Source files\TCollection</Filter>
    </ClCompile>
    <ClCompile Include="..\..\..\src\TCollection\TCollection_HAsciiString.cxx">
      <Filter>Source files\TCollection</Filter>
    </ClCompile>
    <ClCompile Include="..\..\..\src\TCollection\TCollection_HExtendedString.cxx">
      <Filter>Source files\TCollection</Filter>
    </ClCompile>
    <ClCompile Include="..\..\..\src\TCollection\TCollection_MapNode.cxx">
      <Filter>Source files\TCollection</Filter>
    </ClCompile>
    <ClCompile Include="..\..\..\src\TCollection\TCollection_SeqNode.cxx">
      <Filter>Source files\TCollection</Filter>
    </ClCompile>
    <ClCompile Include="..\..\..\src\Units\Units.cxx">
      <Filter>Source files\Units</Filter>
    </ClCompile>
    <ClCompile Include="..\..\..\src\Units\Units_Dimensions.cxx">
      <Filter>Source files\Units</Filter>
    </ClCompile>
    <ClCompile Include="..\..\..\src\Units\Units_Explorer.cxx">
      <Filter>Source files\Units</Filter>
    </ClCompile>
    <ClCompile Include="..\..\..\src\Units\Units_Lexicon.cxx">
      <Filter>Source files\Units</Filter>
    </ClCompile>
    <ClCompile Include="..\..\..\src\Units\Units_MathSentence.cxx">
      <Filter>Source files\Units</Filter>
    </ClCompile>
    <ClCompile Include="..\..\..\src\Units\Units_Measurement.cxx">
      <Filter>Source files\Units</Filter>
    </ClCompile>
    <ClCompile Include="..\..\..\src\Units\Units_Quantity.cxx">
      <Filter>Source files\Units</Filter>
    </ClCompile>
    <ClCompile Include="..\..\..\src\Units\Units_Sentence.cxx">
      <Filter>Source files\Units</Filter>
    </ClCompile>
    <ClCompile Include="..\..\..\src\Units\Units_ShiftedToken.cxx">
      <Filter>Source files\Units</Filter>
    </ClCompile>
    <ClCompile Include="..\..\..\src\Units\Units_ShiftedUnit.cxx">
      <Filter>Source files\Units</Filter>
    </ClCompile>
    <ClCompile Include="..\..\..\src\Units\Units_Token.cxx">
      <Filter>Source files\Units</Filter>
    </ClCompile>
    <ClCompile Include="..\..\..\src\Units\Units_Unit.cxx">
      <Filter>Source files\Units</Filter>
    </ClCompile>
    <ClCompile Include="..\..\..\src\Units\Units_UnitSentence.cxx">
      <Filter>Source files\Units</Filter>
    </ClCompile>
    <ClCompile Include="..\..\..\src\Units\Units_UnitsDictionary.cxx">
      <Filter>Source files\Units</Filter>
    </ClCompile>
    <ClCompile Include="..\..\..\src\Units\Units_UnitsLexicon.cxx">
      <Filter>Source files\Units</Filter>
    </ClCompile>
    <ClCompile Include="..\..\..\src\Units\Units_UnitsSystem.cxx">
      <Filter>Source files\Units</Filter>
    </ClCompile>
    <ClCompile Include="..\..\..\src\UnitsAPI\UnitsAPI.cxx">
      <Filter>Source files\UnitsAPI</Filter>
    </ClCompile>
    <ClCompile Include="..\..\..\src\NCollection\NCollection_AccAllocator.cxx">
      <Filter>Source files\NCollection</Filter>
    </ClCompile>
    <ClCompile Include="..\..\..\src\NCollection\NCollection_AlignedAllocator.cxx">
      <Filter>Source files\NCollection</Filter>
    </ClCompile>
    <ClCompile Include="..\..\..\src\NCollection\NCollection_BaseAllocator.cxx">
      <Filter>Source files\NCollection</Filter>
    </ClCompile>
    <ClCompile Include="..\..\..\src\NCollection\NCollection_BaseList.cxx">
      <Filter>Source files\NCollection</Filter>
    </ClCompile>
    <ClCompile Include="..\..\..\src\NCollection\NCollection_BaseMap.cxx">
      <Filter>Source files\NCollection</Filter>
    </ClCompile>
    <ClCompile Include="..\..\..\src\NCollection\NCollection_BaseSequence.cxx">
      <Filter>Source files\NCollection</Filter>
    </ClCompile>
    <ClCompile Include="..\..\..\src\NCollection\NCollection_BaseVector.cxx">
      <Filter>Source files\NCollection</Filter>
    </ClCompile>
    <ClCompile Include="..\..\..\src\NCollection\NCollection_HeapAllocator.cxx">
      <Filter>Source files\NCollection</Filter>
    </ClCompile>
    <ClCompile Include="..\..\..\src\NCollection\NCollection_IncAllocator.cxx">
      <Filter>Source files\NCollection</Filter>
    </ClCompile>
    <ClCompile Include="..\..\..\src\NCollection\NCollection_SparseArrayBase.cxx">
      <Filter>Source files\NCollection</Filter>
    </ClCompile>
    <ClCompile Include="..\..\..\src\NCollection\NCollection_UtfString.cxx">
      <Filter>Source files\NCollection</Filter>
    </ClCompile>
    <ClCompile Include="..\..\..\src\NCollection\NCollection_WinHeapAllocator.cxx">
      <Filter>Source files\NCollection</Filter>
    </ClCompile>
    <ClCompile Include="..\..\..\src\Message\Message.cxx">
      <Filter>Source files\Message</Filter>
    </ClCompile>
    <ClCompile Include="..\..\..\src\Message\Message_Alert.cxx">
      <Filter>Source files\Message</Filter>
    </ClCompile>
    <ClCompile Include="..\..\..\src\Message\Message_Algorithm.cxx">
      <Filter>Source files\Message</Filter>
    </ClCompile>
    <ClCompile Include="..\..\..\src\Message\Message_Messenger.cxx">
      <Filter>Source files\Message</Filter>
    </ClCompile>
    <ClCompile Include="..\..\..\src\Message\Message_Msg.cxx">
      <Filter>Source files\Message</Filter>
    </ClCompile>
    <ClCompile Include="..\..\..\src\Message\Message_MsgFile.cxx">
      <Filter>Source files\Message</Filter>
    </ClCompile>
    <ClCompile Include="..\..\..\src\Message\Message_Printer.cxx">
      <Filter>Source files\Message</Filter>
    </ClCompile>
    <ClCompile Include="..\..\..\src\Message\Message_PrinterOStream.cxx">
      <Filter>Source files\Message</Filter>
    </ClCompile>
    <ClCompile Include="..\..\..\src\Message\Message_ProgressIndicator.cxx">
      <Filter>Source files\Message</Filter>
    </ClCompile>
    <ClCompile Include="..\..\..\src\Message\Message_ProgressScale.cxx">
      <Filter>Source files\Message</Filter>
    </ClCompile>
    <ClCompile Include="..\..\..\src\Message\Message_ProgressSentry.cxx">
      <Filter>Source files\Message</Filter>
    </ClCompile>
    <ClCompile Include="..\..\..\src\Message\Message_Report.cxx">
      <Filter>Source files\Message</Filter>
    </ClCompile>
  </ItemGroup>
  <ItemGroup>
    <ResourceCompile Include="TKernel.rc" />  </ItemGroup>
</Project>
